// !$*UTF8*$!
{
	archiveVersion = 1;
	classes = {
	};
	objectVersion = 50;
	objects = {

/* Begin PBXBuildFile section */
		F2290A6C2528C4EE0003EE7A /* AppDelegate.swift in Sources */ = {isa = PBXBuildFile; fileRef = F2290A6B2528C4EE0003EE7A /* AppDelegate.swift */; };
		F2290A6E2528C4EE0003EE7A /* SceneDelegate.swift in Sources */ = {isa = PBXBuildFile; fileRef = F2290A6D2528C4EE0003EE7A /* SceneDelegate.swift */; };
		F2290A702528C4EE0003EE7A /* ViewController.swift in Sources */ = {isa = PBXBuildFile; fileRef = F2290A6F2528C4EE0003EE7A /* ViewController.swift */; };
		F2290A732528C4EE0003EE7A /* Main.storyboard in Resources */ = {isa = PBXBuildFile; fileRef = F2290A712528C4EE0003EE7A /* Main.storyboard */; };
		F2290A752528C4F40003EE7A /* Assets.xcassets in Resources */ = {isa = PBXBuildFile; fileRef = F2290A742528C4F40003EE7A /* Assets.xcassets */; };
		F2290A782528C4F40003EE7A /* LaunchScreen.storyboard in Resources */ = {isa = PBXBuildFile; fileRef = F2290A762528C4F40003EE7A /* LaunchScreen.storyboard */; };
		F2290A832528C4F40003EE7A /* exercicio_04_ColletionViewTests.swift in Sources */ = {isa = PBXBuildFile; fileRef = F2290A822528C4F40003EE7A /* exercicio_04_ColletionViewTests.swift */; };
		F2290A8E2528C4F50003EE7A /* exercicio_04_ColletionViewUITests.swift in Sources */ = {isa = PBXBuildFile; fileRef = F2290A8D2528C4F50003EE7A /* exercicio_04_ColletionViewUITests.swift */; };
		F2290A9F2528C5FA0003EE7A /* Name.swift in Sources */ = {isa = PBXBuildFile; fileRef = F2290A9E2528C5FA0003EE7A /* Name.swift */; };
		F2290AA42528C6420003EE7A /* NameCollectionViewCell.swift in Sources */ = {isa = PBXBuildFile; fileRef = F2290AA32528C6420003EE7A /* NameCollectionViewCell.swift */; };
		F2290AB82528CBCD0003EE7A /* 3.png in Resources */ = {isa = PBXBuildFile; fileRef = F2290AB52528CBCD0003EE7A /* 3.png */; };
		F2290AB92528CBCD0003EE7A /* 1.jpg in Resources */ = {isa = PBXBuildFile; fileRef = F2290AB62528CBCD0003EE7A /* 1.jpg */; };
		F2290ABA2528CBCD0003EE7A /* 2.jpg in Resources */ = {isa = PBXBuildFile; fileRef = F2290AB72528CBCD0003EE7A /* 2.jpg */; };
		F2290AC22528DA420003EE7A /* 6.png in Resources */ = {isa = PBXBuildFile; fileRef = F2290ABE2528DA420003EE7A /* 6.png */; };
		F2290AC32528DA420003EE7A /* 7.png in Resources */ = {isa = PBXBuildFile; fileRef = F2290ABF2528DA420003EE7A /* 7.png */; };
		F2290AC42528DA420003EE7A /* 4.png in Resources */ = {isa = PBXBuildFile; fileRef = F2290AC02528DA420003EE7A /* 4.png */; };
		F2290AC52528DA420003EE7A /* 5.png in Resources */ = {isa = PBXBuildFile; fileRef = F2290AC12528DA420003EE7A /* 5.png */; };
/* End PBXBuildFile section */

/* Begin PBXContainerItemProxy section */
		F2290A7F2528C4F40003EE7A /* PBXContainerItemProxy */ = {
			isa = PBXContainerItemProxy;
			containerPortal = F2290A602528C4EE0003EE7A /* Project object */;
			proxyType = 1;
			remoteGlobalIDString = F2290A672528C4EE0003EE7A;
			remoteInfo = exercicio_04_ColletionView;
		};
		F2290A8A2528C4F50003EE7A /* PBXContainerItemProxy */ = {
			isa = PBXContainerItemProxy;
			containerPortal = F2290A602528C4EE0003EE7A /* Project object */;
			proxyType = 1;
			remoteGlobalIDString = F2290A672528C4EE0003EE7A;
			remoteInfo = exercicio_04_ColletionView;
		};
/* End PBXContainerItemProxy section */

/* Begin PBXFileReference section */
		F2290A682528C4EE0003EE7A /* exercicio_04_ColletionView.app */ = {isa = PBXFileReference; explicitFileType = wrapper.application; includeInIndex = 0; path = exercicio_04_ColletionView.app; sourceTree = BUILT_PRODUCTS_DIR; };
		F2290A6B2528C4EE0003EE7A /* AppDelegate.swift */ = {isa = PBXFileReference; lastKnownFileType = sourcecode.swift; path = AppDelegate.swift; sourceTree = "<group>"; };
		F2290A6D2528C4EE0003EE7A /* SceneDelegate.swift */ = {isa = PBXFileReference; lastKnownFileType = sourcecode.swift; path = SceneDelegate.swift; sourceTree = "<group>"; };
		F2290A6F2528C4EE0003EE7A /* ViewController.swift */ = {isa = PBXFileReference; lastKnownFileType = sourcecode.swift; path = ViewController.swift; sourceTree = "<group>"; };
		F2290A722528C4EE0003EE7A /* Base */ = {isa = PBXFileReference; lastKnownFileType = file.storyboard; name = Base; path = Base.lproj/Main.storyboard; sourceTree = "<group>"; };
		F2290A742528C4F40003EE7A /* Assets.xcassets */ = {isa = PBXFileReference; lastKnownFileType = folder.assetcatalog; path = Assets.xcassets; sourceTree = "<group>"; };
		F2290A772528C4F40003EE7A /* Base */ = {isa = PBXFileReference; lastKnownFileType = file.storyboard; name = Base; path = Base.lproj/LaunchScreen.storyboard; sourceTree = "<group>"; };
		F2290A792528C4F40003EE7A /* Info.plist */ = {isa = PBXFileReference; lastKnownFileType = text.plist.xml; path = Info.plist; sourceTree = "<group>"; };
		F2290A7E2528C4F40003EE7A /* exercicio_04_ColletionViewTests.xctest */ = {isa = PBXFileReference; explicitFileType = wrapper.cfbundle; includeInIndex = 0; path = exercicio_04_ColletionViewTests.xctest; sourceTree = BUILT_PRODUCTS_DIR; };
		F2290A822528C4F40003EE7A /* exercicio_04_ColletionViewTests.swift */ = {isa = PBXFileReference; lastKnownFileType = sourcecode.swift; path = exercicio_04_ColletionViewTests.swift; sourceTree = "<group>"; };
		F2290A842528C4F50003EE7A /* Info.plist */ = {isa = PBXFileReference; lastKnownFileType = text.plist.xml; path = Info.plist; sourceTree = "<group>"; };
		F2290A892528C4F50003EE7A /* exercicio_04_ColletionViewUITests.xctest */ = {isa = PBXFileReference; explicitFileType = wrapper.cfbundle; includeInIndex = 0; path = exercicio_04_ColletionViewUITests.xctest; sourceTree = BUILT_PRODUCTS_DIR; };
		F2290A8D2528C4F50003EE7A /* exercicio_04_ColletionViewUITests.swift */ = {isa = PBXFileReference; lastKnownFileType = sourcecode.swift; path = exercicio_04_ColletionViewUITests.swift; sourceTree = "<group>"; };
		F2290A8F2528C4F50003EE7A /* Info.plist */ = {isa = PBXFileReference; lastKnownFileType = text.plist.xml; path = Info.plist; sourceTree = "<group>"; };
		F2290A9E2528C5FA0003EE7A /* Name.swift */ = {isa = PBXFileReference; lastKnownFileType = sourcecode.swift; path = Name.swift; sourceTree = "<group>"; };
		F2290AA32528C6420003EE7A /* NameCollectionViewCell.swift */ = {isa = PBXFileReference; lastKnownFileType = sourcecode.swift; path = NameCollectionViewCell.swift; sourceTree = "<group>"; };
		F2290AB52528CBCD0003EE7A /* 3.png */ = {isa = PBXFileReference; lastKnownFileType = image.png; path = 3.png; sourceTree = "<group>"; };
		F2290AB62528CBCD0003EE7A /* 1.jpg */ = {isa = PBXFileReference; lastKnownFileType = image.jpeg; path = 1.jpg; sourceTree = "<group>"; };
		F2290AB72528CBCD0003EE7A /* 2.jpg */ = {isa = PBXFileReference; lastKnownFileType = image.jpeg; path = 2.jpg; sourceTree = "<group>"; };
		F2290ABE2528DA420003EE7A /* 6.png */ = {isa = PBXFileReference; lastKnownFileType = image.png; path = 6.png; sourceTree = "<group>"; };
		F2290ABF2528DA420003EE7A /* 7.png */ = {isa = PBXFileReference; lastKnownFileType = image.png; path = 7.png; sourceTree = "<group>"; };
		F2290AC02528DA420003EE7A /* 4.png */ = {isa = PBXFileReference; lastKnownFileType = image.png; path = 4.png; sourceTree = "<group>"; };
		F2290AC12528DA420003EE7A /* 5.png */ = {isa = PBXFileReference; lastKnownFileType = image.png; path = 5.png; sourceTree = "<group>"; };
/* End PBXFileReference section */

/* Begin PBXFrameworksBuildPhase section */
		F2290A652528C4EE0003EE7A /* Frameworks */ = {
			isa = PBXFrameworksBuildPhase;
			buildActionMask = 2147483647;
			files = (
			);
			runOnlyForDeploymentPostprocessing = 0;
		};
		F2290A7B2528C4F40003EE7A /* Frameworks */ = {
			isa = PBXFrameworksBuildPhase;
			buildActionMask = 2147483647;
			files = (
			);
			runOnlyForDeploymentPostprocessing = 0;
		};
		F2290A862528C4F50003EE7A /* Frameworks */ = {
			isa = PBXFrameworksBuildPhase;
			buildActionMask = 2147483647;
			files = (
			);
			runOnlyForDeploymentPostprocessing = 0;
		};
/* End PBXFrameworksBuildPhase section */

/* Begin PBXGroup section */
		F2290A5F2528C4EE0003EE7A = {
			isa = PBXGroup;
			children = (
				F2290A6A2528C4EE0003EE7A /* exercicio_04_ColletionView */,
				F2290A812528C4F40003EE7A /* exercicio_04_ColletionViewTests */,
				F2290A8C2528C4F50003EE7A /* exercicio_04_ColletionViewUITests */,
				F2290A692528C4EE0003EE7A /* Products */,
			);
			sourceTree = "<group>";
		};
		F2290A692528C4EE0003EE7A /* Products */ = {
			isa = PBXGroup;
			children = (
				F2290A682528C4EE0003EE7A /* exercicio_04_ColletionView.app */,
				F2290A7E2528C4F40003EE7A /* exercicio_04_ColletionViewTests.xctest */,
				F2290A892528C4F50003EE7A /* exercicio_04_ColletionViewUITests.xctest */,
			);
			name = Products;
			sourceTree = "<group>";
		};
		F2290A6A2528C4EE0003EE7A /* exercicio_04_ColletionView */ = {
			isa = PBXGroup;
			children = (
				F2E6BEE1252A161500278BF0 /* ViewController */,
				F2E6BEDF252A15C100278BF0 /* Cell_CollectionView */,
				F2E6BEDE252A15B500278BF0 /* Class */,
				F2290AA82528C7AC0003EE7A /* image */,
				F2290A6B2528C4EE0003EE7A /* AppDelegate.swift */,
				F2290A6D2528C4EE0003EE7A /* SceneDelegate.swift */,
				F2290A712528C4EE0003EE7A /* Main.storyboard */,
				F2290A742528C4F40003EE7A /* Assets.xcassets */,
				F2290A762528C4F40003EE7A /* LaunchScreen.storyboard */,
				F2290A792528C4F40003EE7A /* Info.plist */,
			);
			path = exercicio_04_ColletionView;
			sourceTree = "<group>";
		};
		F2290A812528C4F40003EE7A /* exercicio_04_ColletionViewTests */ = {
			isa = PBXGroup;
			children = (
				F2290A822528C4F40003EE7A /* exercicio_04_ColletionViewTests.swift */,
				F2290A842528C4F50003EE7A /* Info.plist */,
			);
			path = exercicio_04_ColletionViewTests;
			sourceTree = "<group>";
		};
		F2290A8C2528C4F50003EE7A /* exercicio_04_ColletionViewUITests */ = {
			isa = PBXGroup;
			children = (
				F2290A8D2528C4F50003EE7A /* exercicio_04_ColletionViewUITests.swift */,
				F2290A8F2528C4F50003EE7A /* Info.plist */,
			);
			path = exercicio_04_ColletionViewUITests;
			sourceTree = "<group>";
		};
		F2290AA82528C7AC0003EE7A /* image */ = {
			isa = PBXGroup;
			children = (
				F2290AB62528CBCD0003EE7A /* 1.jpg */,
				F2290AB72528CBCD0003EE7A /* 2.jpg */,
				F2290AB52528CBCD0003EE7A /* 3.png */,
				F2290AC02528DA420003EE7A /* 4.png */,
				F2290AC12528DA420003EE7A /* 5.png */,
				F2290ABE2528DA420003EE7A /* 6.png */,
				F2290ABF2528DA420003EE7A /* 7.png */,
			);
			path = image;
			sourceTree = "<group>";
		};
		F2E6BEDE252A15B500278BF0 /* Class */ = {
			isa = PBXGroup;
			children = (
				F2290A9E2528C5FA0003EE7A /* Name.swift */,
			);
			path = Class;
			sourceTree = "<group>";
		};
		F2E6BEDF252A15C100278BF0 /* Cell_CollectionView */ = {
			isa = PBXGroup;
			children = (
				F2290AA32528C6420003EE7A /* NameCollectionViewCell.swift */,
			);
			path = Cell_CollectionView;
			sourceTree = "<group>";
		};
		F2E6BEE1252A161500278BF0 /* ViewController */ = {
			isa = PBXGroup;
			children = (
				F2290A6F2528C4EE0003EE7A /* ViewController.swift */,
			);
			path = ViewController;
			sourceTree = "<group>";
		};
/* End PBXGroup section */

/* Begin PBXNativeTarget section */
		F2290A672528C4EE0003EE7A /* exercicio_04_ColletionView */ = {
			isa = PBXNativeTarget;
			buildConfigurationList = F2290A922528C4F50003EE7A /* Build configuration list for PBXNativeTarget "exercicio_04_ColletionView" */;
			buildPhases = (
				F2290A642528C4EE0003EE7A /* Sources */,
				F2290A652528C4EE0003EE7A /* Frameworks */,
				F2290A662528C4EE0003EE7A /* Resources */,
			);
			buildRules = (
			);
			dependencies = (
			);
			name = exercicio_04_ColletionView;
			productName = exercicio_04_ColletionView;
			productReference = F2290A682528C4EE0003EE7A /* exercicio_04_ColletionView.app */;
			productType = "com.apple.product-type.application";
		};
		F2290A7D2528C4F40003EE7A /* exercicio_04_ColletionViewTests */ = {
			isa = PBXNativeTarget;
			buildConfigurationList = F2290A952528C4F50003EE7A /* Build configuration list for PBXNativeTarget "exercicio_04_ColletionViewTests" */;
			buildPhases = (
				F2290A7A2528C4F40003EE7A /* Sources */,
				F2290A7B2528C4F40003EE7A /* Frameworks */,
				F2290A7C2528C4F40003EE7A /* Resources */,
			);
			buildRules = (
			);
			dependencies = (
				F2290A802528C4F40003EE7A /* PBXTargetDependency */,
			);
			name = exercicio_04_ColletionViewTests;
			productName = exercicio_04_ColletionViewTests;
			productReference = F2290A7E2528C4F40003EE7A /* exercicio_04_ColletionViewTests.xctest */;
			productType = "com.apple.product-type.bundle.unit-test";
		};
		F2290A882528C4F50003EE7A /* exercicio_04_ColletionViewUITests */ = {
			isa = PBXNativeTarget;
			buildConfigurationList = F2290A982528C4F50003EE7A /* Build configuration list for PBXNativeTarget "exercicio_04_ColletionViewUITests" */;
			buildPhases = (
				F2290A852528C4F50003EE7A /* Sources */,
				F2290A862528C4F50003EE7A /* Frameworks */,
				F2290A872528C4F50003EE7A /* Resources */,
			);
			buildRules = (
			);
			dependencies = (
				F2290A8B2528C4F50003EE7A /* PBXTargetDependency */,
			);
			name = exercicio_04_ColletionViewUITests;
			productName = exercicio_04_ColletionViewUITests;
			productReference = F2290A892528C4F50003EE7A /* exercicio_04_ColletionViewUITests.xctest */;
			productType = "com.apple.product-type.bundle.ui-testing";
		};
/* End PBXNativeTarget section */

/* Begin PBXProject section */
		F2290A602528C4EE0003EE7A /* Project object */ = {
			isa = PBXProject;
			attributes = {
				LastSwiftUpdateCheck = 1200;
				LastUpgradeCheck = 1200;
				TargetAttributes = {
					F2290A672528C4EE0003EE7A = {
						CreatedOnToolsVersion = 12.0;
					};
					F2290A7D2528C4F40003EE7A = {
						CreatedOnToolsVersion = 12.0;
						TestTargetID = F2290A672528C4EE0003EE7A;
					};
					F2290A882528C4F50003EE7A = {
						CreatedOnToolsVersion = 12.0;
						TestTargetID = F2290A672528C4EE0003EE7A;
					};
				};
			};
			buildConfigurationList = F2290A632528C4EE0003EE7A /* Build configuration list for PBXProject "exercicio_04_ColletionView" */;
			compatibilityVersion = "Xcode 9.3";
			developmentRegion = en;
			hasScannedForEncodings = 0;
			knownRegions = (
				en,
				Base,
			);
			mainGroup = F2290A5F2528C4EE0003EE7A;
			productRefGroup = F2290A692528C4EE0003EE7A /* Products */;
			projectDirPath = "";
			projectRoot = "";
			targets = (
				F2290A672528C4EE0003EE7A /* exercicio_04_ColletionView */,
				F2290A7D2528C4F40003EE7A /* exercicio_04_ColletionViewTests */,
				F2290A882528C4F50003EE7A /* exercicio_04_ColletionViewUITests */,
			);
		};
/* End PBXProject section */

/* Begin PBXResourcesBuildPhase section */
		F2290A662528C4EE0003EE7A /* Resources */ = {
			isa = PBXResourcesBuildPhase;
			buildActionMask = 2147483647;
			files = (
				F2290AC42528DA420003EE7A /* 4.png in Resources */,
				F2290AC52528DA420003EE7A /* 5.png in Resources */,
				F2290AC22528DA420003EE7A /* 6.png in Resources */,
				F2290ABA2528CBCD0003EE7A /* 2.jpg in Resources */,
				F2290A782528C4F40003EE7A /* LaunchScreen.storyboard in Resources */,
				F2290A752528C4F40003EE7A /* Assets.xcassets in Resources */,
				F2290A732528C4EE0003EE7A /* Main.storyboard in Resources */,
				F2290AB82528CBCD0003EE7A /* 3.png in Resources */,
				F2290AB92528CBCD0003EE7A /* 1.jpg in Resources */,
				F2290AC32528DA420003EE7A /* 7.png in Resources */,
			);
			runOnlyForDeploymentPostprocessing = 0;
		};
		F2290A7C2528C4F40003EE7A /* Resources */ = {
			isa = PBXResourcesBuildPhase;
			buildActionMask = 2147483647;
			files = (
			);
			runOnlyForDeploymentPostprocessing = 0;
		};
		F2290A872528C4F50003EE7A /* Resources */ = {
			isa = PBXResourcesBuildPhase;
			buildActionMask = 2147483647;
			files = (
			);
			runOnlyForDeploymentPostprocessing = 0;
		};
/* End PBXResourcesBuildPhase section */

/* Begin PBXSourcesBuildPhase section */
		F2290A642528C4EE0003EE7A /* Sources */ = {
			isa = PBXSourcesBuildPhase;
			buildActionMask = 2147483647;
			files = (
				F2290AA42528C6420003EE7A /* NameCollectionViewCell.swift in Sources */,
				F2290A702528C4EE0003EE7A /* ViewController.swift in Sources */,
				F2290A6C2528C4EE0003EE7A /* AppDelegate.swift in Sources */,
				F2290A9F2528C5FA0003EE7A /* Name.swift in Sources */,
				F2290A6E2528C4EE0003EE7A /* SceneDelegate.swift in Sources */,
			);
			runOnlyForDeploymentPostprocessing = 0;
		};
		F2290A7A2528C4F40003EE7A /* Sources */ = {
			isa = PBXSourcesBuildPhase;
			buildActionMask = 2147483647;
			files = (
				F2290A832528C4F40003EE7A /* exercicio_04_ColletionViewTests.swift in Sources */,
			);
			runOnlyForDeploymentPostprocessing = 0;
		};
		F2290A852528C4F50003EE7A /* Sources */ = {
			isa = PBXSourcesBuildPhase;
			buildActionMask = 2147483647;
			files = (
				F2290A8E2528C4F50003EE7A /* exercicio_04_ColletionViewUITests.swift in Sources */,
			);
			runOnlyForDeploymentPostprocessing = 0;
		};
/* End PBXSourcesBuildPhase section */

/* Begin PBXTargetDependency section */
		F2290A802528C4F40003EE7A /* PBXTargetDependency */ = {
			isa = PBXTargetDependency;
			target = F2290A672528C4EE0003EE7A /* exercicio_04_ColletionView */;
			targetProxy = F2290A7F2528C4F40003EE7A /* PBXContainerItemProxy */;
		};
		F2290A8B2528C4F50003EE7A /* PBXTargetDependency */ = {
			isa = PBXTargetDependency;
			target = F2290A672528C4EE0003EE7A /* exercicio_04_ColletionView */;
			targetProxy = F2290A8A2528C4F50003EE7A /* PBXContainerItemProxy */;
		};
/* End PBXTargetDependency section */

/* Begin PBXVariantGroup section */
		F2290A712528C4EE0003EE7A /* Main.storyboard */ = {
			isa = PBXVariantGroup;
			children = (
				F2290A722528C4EE0003EE7A /* Base */,
			);
			name = Main.storyboard;
			sourceTree = "<group>";
		};
		F2290A762528C4F40003EE7A /* LaunchScreen.storyboard */ = {
			isa = PBXVariantGroup;
			children = (
				F2290A772528C4F40003EE7A /* Base */,
			);
			name = LaunchScreen.storyboard;
			sourceTree = "<group>";
		};
/* End PBXVariantGroup section */

/* Begin XCBuildConfiguration section */
		F2290A902528C4F50003EE7A /* Debug */ = {
			isa = XCBuildConfiguration;
			buildSettings = {
				ALWAYS_SEARCH_USER_PATHS = NO;
				CLANG_ANALYZER_NONNULL = YES;
				CLANG_ANALYZER_NUMBER_OBJECT_CONVERSION = YES_AGGRESSIVE;
				CLANG_CXX_LANGUAGE_STANDARD = "gnu++14";
				CLANG_CXX_LIBRARY = "libc++";
				CLANG_ENABLE_MODULES = YES;
				CLANG_ENABLE_OBJC_ARC = YES;
				CLANG_ENABLE_OBJC_WEAK = YES;
				CLANG_WARN_BLOCK_CAPTURE_AUTORELEASING = YES;
				CLANG_WARN_BOOL_CONVERSION = YES;
				CLANG_WARN_COMMA = YES;
				CLANG_WARN_CONSTANT_CONVERSION = YES;
				CLANG_WARN_DEPRECATED_OBJC_IMPLEMENTATIONS = YES;
				CLANG_WARN_DIRECT_OBJC_ISA_USAGE = YES_ERROR;
				CLANG_WARN_DOCUMENTATION_COMMENTS = YES;
				CLANG_WARN_EMPTY_BODY = YES;
				CLANG_WARN_ENUM_CONVERSION = YES;
				CLANG_WARN_INFINITE_RECURSION = YES;
				CLANG_WARN_INT_CONVERSION = YES;
				CLANG_WARN_NON_LITERAL_NULL_CONVERSION = YES;
				CLANG_WARN_OBJC_IMPLICIT_RETAIN_SELF = YES;
				CLANG_WARN_OBJC_LITERAL_CONVERSION = YES;
				CLANG_WARN_OBJC_ROOT_CLASS = YES_ERROR;
				CLANG_WARN_QUOTED_INCLUDE_IN_FRAMEWORK_HEADER = YES;
				CLANG_WARN_RANGE_LOOP_ANALYSIS = YES;
				CLANG_WARN_STRICT_PROTOTYPES = YES;
				CLANG_WARN_SUSPICIOUS_MOVE = YES;
				CLANG_WARN_UNGUARDED_AVAILABILITY = YES_AGGRESSIVE;
				CLANG_WARN_UNREACHABLE_CODE = YES;
				CLANG_WARN__DUPLICATE_METHOD_MATCH = YES;
				COPY_PHASE_STRIP = NO;
				DEBUG_INFORMATION_FORMAT = dwarf;
				ENABLE_STRICT_OBJC_MSGSEND = YES;
				ENABLE_TESTABILITY = YES;
				GCC_C_LANGUAGE_STANDARD = gnu11;
				GCC_DYNAMIC_NO_PIC = NO;
				GCC_NO_COMMON_BLOCKS = YES;
				GCC_OPTIMIZATION_LEVEL = 0;
				GCC_PREPROCESSOR_DEFINITIONS = (
					"DEBUG=1",
					"$(inherited)",
				);
				GCC_WARN_64_TO_32_BIT_CONVERSION = YES;
				GCC_WARN_ABOUT_RETURN_TYPE = YES_ERROR;
				GCC_WARN_UNDECLARED_SELECTOR = YES;
				GCC_WARN_UNINITIALIZED_AUTOS = YES_AGGRESSIVE;
				GCC_WARN_UNUSED_FUNCTION = YES;
				GCC_WARN_UNUSED_VARIABLE = YES;
				IPHONEOS_DEPLOYMENT_TARGET = 14.0;
				MTL_ENABLE_DEBUG_INFO = INCLUDE_SOURCE;
				MTL_FAST_MATH = YES;
				ONLY_ACTIVE_ARCH = YES;
				SDKROOT = iphoneos;
				SWIFT_ACTIVE_COMPILATION_CONDITIONS = DEBUG;
				SWIFT_OPTIMIZATION_LEVEL = "-Onone";
			};
			name = Debug;
		};
		F2290A912528C4F50003EE7A /* Release */ = {
			isa = XCBuildConfiguration;
			buildSettings = {
				ALWAYS_SEARCH_USER_PATHS = NO;
				CLANG_ANALYZER_NONNULL = YES;
				CLANG_ANALYZER_NUMBER_OBJECT_CONVERSION = YES_AGGRESSIVE;
				CLANG_CXX_LANGUAGE_STANDARD = "gnu++14";
				CLANG_CXX_LIBRARY = "libc++";
				CLANG_ENABLE_MODULES = YES;
				CLANG_ENABLE_OBJC_ARC = YES;
				CLANG_ENABLE_OBJC_WEAK = YES;
				CLANG_WARN_BLOCK_CAPTURE_AUTORELEASING = YES;
				CLANG_WARN_BOOL_CONVERSION = YES;
				CLANG_WARN_COMMA = YES;
				CLANG_WARN_CONSTANT_CONVERSION = YES;
				CLANG_WARN_DEPRECATED_OBJC_IMPLEMENTATIONS = YES;
				CLANG_WARN_DIRECT_OBJC_ISA_USAGE = YES_ERROR;
				CLANG_WARN_DOCUMENTATION_COMMENTS = YES;
				CLANG_WARN_EMPTY_BODY = YES;
				CLANG_WARN_ENUM_CONVERSION = YES;
				CLANG_WARN_INFINITE_RECURSION = YES;
				CLANG_WARN_INT_CONVERSION = YES;
				CLANG_WARN_NON_LITERAL_NULL_CONVERSION = YES;
				CLANG_WARN_OBJC_IMPLICIT_RETAIN_SELF = YES;
				CLANG_WARN_OBJC_LITERAL_CONVERSION = YES;
				CLANG_WARN_OBJC_ROOT_CLASS = YES_ERROR;
				CLANG_WARN_QUOTED_INCLUDE_IN_FRAMEWORK_HEADER = YES;
				CLANG_WARN_RANGE_LOOP_ANALYSIS = YES;
				CLANG_WARN_STRICT_PROTOTYPES = YES;
				CLANG_WARN_SUSPICIOUS_MOVE = YES;
				CLANG_WARN_UNGUARDED_AVAILABILITY = YES_AGGRESSIVE;
				CLANG_WARN_UNREACHABLE_CODE = YES;
				CLANG_WARN__DUPLICATE_METHOD_MATCH = YES;
				COPY_PHASE_STRIP = NO;
				DEBUG_INFORMATION_FORMAT = "dwarf-with-dsym";
				ENABLE_NS_ASSERTIONS = NO;
				ENABLE_STRICT_OBJC_MSGSEND = YES;
				GCC_C_LANGUAGE_STANDARD = gnu11;
				GCC_NO_COMMON_BLOCKS = YES;
				GCC_WARN_64_TO_32_BIT_CONVERSION = YES;
				GCC_WARN_ABOUT_RETURN_TYPE = YES_ERROR;
				GCC_WARN_UNDECLARED_SELECTOR = YES;
				GCC_WARN_UNINITIALIZED_AUTOS = YES_AGGRESSIVE;
				GCC_WARN_UNUSED_FUNCTION = YES;
				GCC_WARN_UNUSED_VARIABLE = YES;
				IPHONEOS_DEPLOYMENT_TARGET = 14.0;
				MTL_ENABLE_DEBUG_INFO = NO;
				MTL_FAST_MATH = YES;
				SDKROOT = iphoneos;
				SWIFT_COMPILATION_MODE = wholemodule;
				SWIFT_OPTIMIZATION_LEVEL = "-O";
				VALIDATE_PRODUCT = YES;
			};
			name = Release;
		};
		F2290A932528C4F50003EE7A /* Debug */ = {
			isa = XCBuildConfiguration;
			buildSettings = {
				ASSETCATALOG_COMPILER_APPICON_NAME = AppIcon;
				ASSETCATALOG_COMPILER_GLOBAL_ACCENT_COLOR_NAME = AccentColor;
				CODE_SIGN_STYLE = Automatic;
				INFOPLIST_FILE = exercicio_04_ColletionView/Info.plist;
				LD_RUNPATH_SEARCH_PATHS = (
					"$(inherited)",
					"@executable_path/Frameworks",
				);
				PRODUCT_BUNDLE_IDENTIFIER = "br.com.github-bertiGrazi.exercicio-04-ColletionView";
				PRODUCT_NAME = "$(TARGET_NAME)";
				SWIFT_VERSION = 5.0;
				TARGETED_DEVICE_FAMILY = "1,2";
			};
			name = Debug;
		};
		F2290A942528C4F50003EE7A /* Release */ = {
			isa = XCBuildConfiguration;
			buildSettings = {
				ASSETCATALOG_COMPILER_APPICON_NAME = AppIcon;
				ASSETCATALOG_COMPILER_GLOBAL_ACCENT_COLOR_NAME = AccentColor;
				CODE_SIGN_STYLE = Automatic;
				INFOPLIST_FILE = exercicio_04_ColletionView/Info.plist;
				LD_RUNPATH_SEARCH_PATHS = (
					"$(inherited)",
					"@executable_path/Frameworks",
				);
				PRODUCT_BUNDLE_IDENTIFIER = "br.com.github-bertiGrazi.exercicio-04-ColletionView";
				PRODUCT_NAME = "$(TARGET_NAME)";
				SWIFT_VERSION = 5.0;
				TARGETED_DEVICE_FAMILY = "1,2";
			};
			name = Release;
		};
		F2290A962528C4F50003EE7A /* Debug */ = {
			isa = XCBuildConfiguration;
			buildSettings = {
				ALWAYS_EMBED_SWIFT_STANDARD_LIBRARIES = YES;
				BUNDLE_LOADER = "$(TEST_HOST)";
				CODE_SIGN_STYLE = Automatic;
				INFOPLIST_FILE = exercicio_04_ColletionViewTests/Info.plist;
				IPHONEOS_DEPLOYMENT_TARGET = 14.0;
				LD_RUNPATH_SEARCH_PATHS = (
					"$(inherited)",
					"@executable_path/Frameworks",
					"@loader_path/Frameworks",
				);
				PRODUCT_BUNDLE_IDENTIFIER = "br.com.github-bertiGrazi.exercicio-04-ColletionViewTests";
				PRODUCT_NAME = "$(TARGET_NAME)";
				SWIFT_VERSION = 5.0;
				TARGETED_DEVICE_FAMILY = "1,2";
				TEST_HOST = "$(BUILT_PRODUCTS_DIR)/exercicio_04_ColletionView.app/exercicio_04_ColletionView";
			};
			name = Debug;
		};
		F2290A972528C4F50003EE7A /* Release */ = {
			isa = XCBuildConfiguration;
			buildSettings = {
				ALWAYS_EMBED_SWIFT_STANDARD_LIBRARIES = YES;
				BUNDLE_LOADER = "$(TEST_HOST)";
				CODE_SIGN_STYLE = Automatic;
				INFOPLIST_FILE = exercicio_04_ColletionViewTests/Info.plist;
				IPHONEOS_DEPLOYMENT_TARGET = 14.0;
				LD_RUNPATH_SEARCH_PATHS = (
					"$(inherited)",
					"@executable_path/Frameworks",
					"@loader_path/Frameworks",
				);
				PRODUCT_BUNDLE_IDENTIFIER = "br.com.github-bertiGrazi.exercicio-04-ColletionViewTests";
				PRODUCT_NAME = "$(TARGET_NAME)";
				SWIFT_VERSION = 5.0;
				TARGETED_DEVICE_FAMILY = "1,2";
				TEST_HOST = "$(BUILT_PRODUCTS_DIR)/exercicio_04_ColletionView.app/exercicio_04_ColletionView";
			};
			name = Release;
		};
		F2290A992528C4F50003EE7A /* Debug */ = {
			isa = XCBuildConfiguration;
			buildSettings = {
				ALWAYS_EMBED_SWIFT_STANDARD_LIBRARIES = YES;
				CODE_SIGN_STYLE = Automatic;
				INFOPLIST_FILE = exercicio_04_ColletionViewUITests/Info.plist;
				LD_RUNPATH_SEARCH_PATHS = (
					"$(inherited)",
					"@executable_path/Frameworks",
					"@loader_path/Frameworks",
				);
				PRODUCT_BUNDLE_IDENTIFIER = "br.com.github-bertiGrazi.exercicio-04-ColletionViewUITests";
				PRODUCT_NAME = "$(TARGET_NAME)";
				SWIFT_VERSION = 5.0;
				TARGETED_DEVICE_FAMILY = "1,2";
				TEST_TARGET_NAME = exercicio_04_ColletionView;
			};
			name = Debug;
		};
		F2290A9A2528C4F50003EE7A /* Release */ = {
			isa = XCBuildConfiguration;
			buildSettings = {
				ALWAYS_EMBED_SWIFT_STANDARD_LIBRARIES = YES;
				CODE_SIGN_STYLE = Automatic;
				INFOPLIST_FILE = exercicio_04_ColletionViewUITests/Info.plist;
				LD_RUNPATH_SEARCH_PATHS = (
					"$(inherited)",
					"@executable_path/Frameworks",
					"@loader_path/Frameworks",
				);
				PRODUCT_BUNDLE_IDENTIFIER = "br.com.github-bertiGrazi.exercicio-04-ColletionViewUITests";
				PRODUCT_NAME = "$(TARGET_NAME)";
				SWIFT_VERSION = 5.0;
				TARGETED_DEVICE_FAMILY = "1,2";
				TEST_TARGET_NAME = exercicio_04_ColletionView;
			};
			name = Release;
		};
/* End XCBuildConfiguration section */

/* Begin XCConfigurationList section */
		F2290A632528C4EE0003EE7A /* Build configuration list for PBXProject "exercicio_04_ColletionView" */ = {
			isa = XCConfigurationList;
			buildConfigurations = (
				F2290A902528C4F50003EE7A /* Debug */,
				F2290A912528C4F50003EE7A /* Release */,
			);
			defaultConfigurationIsVisible = 0;
			defaultConfigurationName = Release;
		};
		F2290A922528C4F50003EE7A /* Build configuration list for PBXNativeTarget "exercicio_04_ColletionView" */ = {
			isa = XCConfigurationList;
			buildConfigurations = (
				F2290A932528C4F50003EE7A /* Debug */,
				F2290A942528C4F50003EE7A /* Release */,
			);
			defaultConfigurationIsVisible = 0;
			defaultConfigurationName = Release;
		};
		F2290A952528C4F50003EE7A /* Build configuration list for PBXNativeTarget "exercicio_04_ColletionViewTests" */ = {
			isa = XCConfigurationList;
			buildConfigurations = (
				F2290A962528C4F50003EE7A /* Debug */,
				F2290A972528C4F50003EE7A /* Release */,
			);
			defaultConfigurationIsVisible = 0;
			defaultConfigurationName = Release;
		};
		F2290A982528C4F50003EE7A /* Build configuration list for PBXNativeTarget "exercicio_04_ColletionViewUITests" */ = {
			isa = XCConfigurationList;
			buildConfigurations = (
				F2290A992528C4F50003EE7A /* Debug */,
				F2290A9A2528C4F50003EE7A /* Release */,
			);
			defaultConfigurationIsVisible = 0;
			defaultConfigurationName = Release;
		};
/* End XCConfigurationList section */
	};
	rootObject = F2290A602528C4EE0003EE7A /* Project object */;
}
