// !$*UTF8*$!
{
	archiveVersion = 1;
	classes = {
	};
	objectVersion = 50;
	objects = {

/* Begin PBXBuildFile section */
		F252F9C225280B6600109BB7 /* 1.png in Resources */ = {isa = PBXBuildFile; fileRef = F252F9C125280B6600109BB7 /* 1.png */; };
		F252F9C825280C3700109BB7 /* 3.jpg in Resources */ = {isa = PBXBuildFile; fileRef = F252F9C625280C3600109BB7 /* 3.jpg */; };
		F252F9CE25280D5A00109BB7 /* 2.jpg in Resources */ = {isa = PBXBuildFile; fileRef = F252F9CD25280D5A00109BB7 /* 2.jpg */; };
		F252F9D325280DCF00109BB7 /* 4.jpg in Resources */ = {isa = PBXBuildFile; fileRef = F252F9D225280DCF00109BB7 /* 4.jpg */; };
		F252F9E325280FB100109BB7 /* 5.png in Resources */ = {isa = PBXBuildFile; fileRef = F252F9E225280FB100109BB7 /* 5.png */; };
		F252F9F12528110D00109BB7 /* g1.png in Resources */ = {isa = PBXBuildFile; fileRef = F252F9EC2528110D00109BB7 /* g1.png */; };
		F252F9F22528110D00109BB7 /* g3.png in Resources */ = {isa = PBXBuildFile; fileRef = F252F9ED2528110D00109BB7 /* g3.png */; };
		F252F9F32528110D00109BB7 /* g2.png in Resources */ = {isa = PBXBuildFile; fileRef = F252F9EE2528110D00109BB7 /* g2.png */; };
		F252F9F42528110D00109BB7 /* g4.jpeg in Resources */ = {isa = PBXBuildFile; fileRef = F252F9EF2528110D00109BB7 /* g4.jpeg */; };
		F252F9F52528110D00109BB7 /* g5.png in Resources */ = {isa = PBXBuildFile; fileRef = F252F9F02528110D00109BB7 /* g5.png */; };
		F2D824B62527ACB700EF89D1 /* AppDelegate.swift in Sources */ = {isa = PBXBuildFile; fileRef = F2D824B52527ACB700EF89D1 /* AppDelegate.swift */; };
		F2D824B82527ACB700EF89D1 /* SceneDelegate.swift in Sources */ = {isa = PBXBuildFile; fileRef = F2D824B72527ACB700EF89D1 /* SceneDelegate.swift */; };
		F2D824BA2527ACB700EF89D1 /* ViewController.swift in Sources */ = {isa = PBXBuildFile; fileRef = F2D824B92527ACB700EF89D1 /* ViewController.swift */; };
		F2D824BD2527ACB700EF89D1 /* Main.storyboard in Resources */ = {isa = PBXBuildFile; fileRef = F2D824BB2527ACB700EF89D1 /* Main.storyboard */; };
		F2D824BF2527ACBD00EF89D1 /* Assets.xcassets in Resources */ = {isa = PBXBuildFile; fileRef = F2D824BE2527ACBD00EF89D1 /* Assets.xcassets */; };
		F2D824C22527ACBD00EF89D1 /* LaunchScreen.storyboard in Resources */ = {isa = PBXBuildFile; fileRef = F2D824C02527ACBD00EF89D1 /* LaunchScreen.storyboard */; };
		F2D824CD2527ACBE00EF89D1 /* exercicio2_AnimaisTests.swift in Sources */ = {isa = PBXBuildFile; fileRef = F2D824CC2527ACBE00EF89D1 /* exercicio2_AnimaisTests.swift */; };
		F2D824D82527ACBE00EF89D1 /* exercicio2_AnimaisUITests.swift in Sources */ = {isa = PBXBuildFile; fileRef = F2D824D72527ACBE00EF89D1 /* exercicio2_AnimaisUITests.swift */; };
		F2D824EA2527ADE000EF89D1 /* Animals.swift in Sources */ = {isa = PBXBuildFile; fileRef = F2D824E92527ADE000EF89D1 /* Animals.swift */; };
		F2D824F32527AF0400EF89D1 /* AnimalsTableViewCell.swift in Sources */ = {isa = PBXBuildFile; fileRef = F2D824F22527AF0400EF89D1 /* AnimalsTableViewCell.swift */; };
		F2E6BF07252A371F00278BF0 /* AnimalsDetailViewController.swift in Sources */ = {isa = PBXBuildFile; fileRef = F2E6BF06252A371F00278BF0 /* AnimalsDetailViewController.swift */; };
		F2E6BF0F252A373300278BF0 /* AnimalsDetail.storyboard in Resources */ = {isa = PBXBuildFile; fileRef = F2E6BF0E252A373300278BF0 /* AnimalsDetail.storyboard */; };
/* End PBXBuildFile section */

/* Begin PBXContainerItemProxy section */
		F2D824C92527ACBE00EF89D1 /* PBXContainerItemProxy */ = {
			isa = PBXContainerItemProxy;
			containerPortal = F2D824AA2527ACB700EF89D1 /* Project object */;
			proxyType = 1;
			remoteGlobalIDString = F2D824B12527ACB700EF89D1;
			remoteInfo = exercicio2_Animais;
		};
		F2D824D42527ACBE00EF89D1 /* PBXContainerItemProxy */ = {
			isa = PBXContainerItemProxy;
			containerPortal = F2D824AA2527ACB700EF89D1 /* Project object */;
			proxyType = 1;
			remoteGlobalIDString = F2D824B12527ACB700EF89D1;
			remoteInfo = exercicio2_Animais;
		};
/* End PBXContainerItemProxy section */

/* Begin PBXFileReference section */
		F252F9C125280B6600109BB7 /* 1.png */ = {isa = PBXFileReference; lastKnownFileType = image.png; path = 1.png; sourceTree = "<group>"; };
		F252F9C625280C3600109BB7 /* 3.jpg */ = {isa = PBXFileReference; lastKnownFileType = image.jpeg; path = 3.jpg; sourceTree = "<group>"; };
		F252F9CD25280D5A00109BB7 /* 2.jpg */ = {isa = PBXFileReference; lastKnownFileType = image.jpeg; path = 2.jpg; sourceTree = "<group>"; };
		F252F9D225280DCF00109BB7 /* 4.jpg */ = {isa = PBXFileReference; lastKnownFileType = image.jpeg; path = 4.jpg; sourceTree = "<group>"; };
		F252F9E225280FB100109BB7 /* 5.png */ = {isa = PBXFileReference; lastKnownFileType = image.png; path = 5.png; sourceTree = "<group>"; };
		F252F9EC2528110D00109BB7 /* g1.png */ = {isa = PBXFileReference; lastKnownFileType = image.png; path = g1.png; sourceTree = "<group>"; };
		F252F9ED2528110D00109BB7 /* g3.png */ = {isa = PBXFileReference; lastKnownFileType = image.png; path = g3.png; sourceTree = "<group>"; };
		F252F9EE2528110D00109BB7 /* g2.png */ = {isa = PBXFileReference; lastKnownFileType = image.png; path = g2.png; sourceTree = "<group>"; };
		F252F9EF2528110D00109BB7 /* g4.jpeg */ = {isa = PBXFileReference; lastKnownFileType = image.jpeg; path = g4.jpeg; sourceTree = "<group>"; };
		F252F9F02528110D00109BB7 /* g5.png */ = {isa = PBXFileReference; lastKnownFileType = image.png; path = g5.png; sourceTree = "<group>"; };
		F2D824B22527ACB700EF89D1 /* exercicio2_Animais.app */ = {isa = PBXFileReference; explicitFileType = wrapper.application; includeInIndex = 0; path = exercicio2_Animais.app; sourceTree = BUILT_PRODUCTS_DIR; };
		F2D824B52527ACB700EF89D1 /* AppDelegate.swift */ = {isa = PBXFileReference; lastKnownFileType = sourcecode.swift; path = AppDelegate.swift; sourceTree = "<group>"; };
		F2D824B72527ACB700EF89D1 /* SceneDelegate.swift */ = {isa = PBXFileReference; lastKnownFileType = sourcecode.swift; path = SceneDelegate.swift; sourceTree = "<group>"; };
		F2D824B92527ACB700EF89D1 /* ViewController.swift */ = {isa = PBXFileReference; lastKnownFileType = sourcecode.swift; path = ViewController.swift; sourceTree = "<group>"; };
		F2D824BC2527ACB700EF89D1 /* Base */ = {isa = PBXFileReference; lastKnownFileType = file.storyboard; name = Base; path = Base.lproj/Main.storyboard; sourceTree = "<group>"; };
		F2D824BE2527ACBD00EF89D1 /* Assets.xcassets */ = {isa = PBXFileReference; lastKnownFileType = folder.assetcatalog; path = Assets.xcassets; sourceTree = "<group>"; };
		F2D824C12527ACBD00EF89D1 /* Base */ = {isa = PBXFileReference; lastKnownFileType = file.storyboard; name = Base; path = Base.lproj/LaunchScreen.storyboard; sourceTree = "<group>"; };
		F2D824C32527ACBD00EF89D1 /* Info.plist */ = {isa = PBXFileReference; lastKnownFileType = text.plist.xml; path = Info.plist; sourceTree = "<group>"; };
		F2D824C82527ACBD00EF89D1 /* exercicio2_AnimaisTests.xctest */ = {isa = PBXFileReference; explicitFileType = wrapper.cfbundle; includeInIndex = 0; path = exercicio2_AnimaisTests.xctest; sourceTree = BUILT_PRODUCTS_DIR; };
		F2D824CC2527ACBE00EF89D1 /* exercicio2_AnimaisTests.swift */ = {isa = PBXFileReference; lastKnownFileType = sourcecode.swift; path = exercicio2_AnimaisTests.swift; sourceTree = "<group>"; };
		F2D824CE2527ACBE00EF89D1 /* Info.plist */ = {isa = PBXFileReference; lastKnownFileType = text.plist.xml; path = Info.plist; sourceTree = "<group>"; };
		F2D824D32527ACBE00EF89D1 /* exercicio2_AnimaisUITests.xctest */ = {isa = PBXFileReference; explicitFileType = wrapper.cfbundle; includeInIndex = 0; path = exercicio2_AnimaisUITests.xctest; sourceTree = BUILT_PRODUCTS_DIR; };
		F2D824D72527ACBE00EF89D1 /* exercicio2_AnimaisUITests.swift */ = {isa = PBXFileReference; lastKnownFileType = sourcecode.swift; path = exercicio2_AnimaisUITests.swift; sourceTree = "<group>"; };
		F2D824D92527ACBE00EF89D1 /* Info.plist */ = {isa = PBXFileReference; lastKnownFileType = text.plist.xml; path = Info.plist; sourceTree = "<group>"; };
		F2D824E92527ADE000EF89D1 /* Animals.swift */ = {isa = PBXFileReference; lastKnownFileType = sourcecode.swift; path = Animals.swift; sourceTree = "<group>"; };
		F2D824F22527AF0400EF89D1 /* AnimalsTableViewCell.swift */ = {isa = PBXFileReference; lastKnownFileType = sourcecode.swift; path = AnimalsTableViewCell.swift; sourceTree = "<group>"; };
		F2E6BF06252A371F00278BF0 /* AnimalsDetailViewController.swift */ = {isa = PBXFileReference; lastKnownFileType = sourcecode.swift; path = AnimalsDetailViewController.swift; sourceTree = "<group>"; };
		F2E6BF0E252A373300278BF0 /* AnimalsDetail.storyboard */ = {isa = PBXFileReference; lastKnownFileType = file.storyboard; path = AnimalsDetail.storyboard; sourceTree = "<group>"; };
/* End PBXFileReference section */

/* Begin PBXFrameworksBuildPhase section */
		F2D824AF2527ACB700EF89D1 /* Frameworks */ = {
			isa = PBXFrameworksBuildPhase;
			buildActionMask = 2147483647;
			files = (
			);
			runOnlyForDeploymentPostprocessing = 0;
		};
		F2D824C52527ACBD00EF89D1 /* Frameworks */ = {
			isa = PBXFrameworksBuildPhase;
			buildActionMask = 2147483647;
			files = (
			);
			runOnlyForDeploymentPostprocessing = 0;
		};
		F2D824D02527ACBE00EF89D1 /* Frameworks */ = {
			isa = PBXFrameworksBuildPhase;
			buildActionMask = 2147483647;
			files = (
			);
			runOnlyForDeploymentPostprocessing = 0;
		};
/* End PBXFrameworksBuildPhase section */

/* Begin PBXGroup section */
		F252F9E7252810BB00109BB7 /* dogImage */ = {
			isa = PBXGroup;
			children = (
				F252F9C125280B6600109BB7 /* 1.png */,
				F252F9CD25280D5A00109BB7 /* 2.jpg */,
				F252F9C625280C3600109BB7 /* 3.jpg */,
				F252F9D225280DCF00109BB7 /* 4.jpg */,
				F252F9E225280FB100109BB7 /* 5.png */,
			);
			path = dogImage;
			sourceTree = "<group>";
		};
		F252F9EB252810EE00109BB7 /* catImage */ = {
			isa = PBXGroup;
			children = (
				F252F9EC2528110D00109BB7 /* g1.png */,
				F252F9EE2528110D00109BB7 /* g2.png */,
				F252F9ED2528110D00109BB7 /* g3.png */,
				F252F9EF2528110D00109BB7 /* g4.jpeg */,
				F252F9F02528110D00109BB7 /* g5.png */,
			);
			path = catImage;
			sourceTree = "<group>";
		};
		F2D824A92527ACB700EF89D1 = {
			isa = PBXGroup;
			children = (
				F2D824B42527ACB700EF89D1 /* exercicio2_Animais */,
				F2D824CB2527ACBE00EF89D1 /* exercicio2_AnimaisTests */,
				F2D824D62527ACBE00EF89D1 /* exercicio2_AnimaisUITests */,
				F2D824B32527ACB700EF89D1 /* Products */,
			);
			sourceTree = "<group>";
		};
		F2D824B32527ACB700EF89D1 /* Products */ = {
			isa = PBXGroup;
			children = (
				F2D824B22527ACB700EF89D1 /* exercicio2_Animais.app */,
				F2D824C82527ACBD00EF89D1 /* exercicio2_AnimaisTests.xctest */,
				F2D824D32527ACBE00EF89D1 /* exercicio2_AnimaisUITests.xctest */,
			);
			name = Products;
			sourceTree = "<group>";
		};
		F2D824B42527ACB700EF89D1 /* exercicio2_Animais */ = {
			isa = PBXGroup;
			children = (
				F2E6BF05252A36D300278BF0 /* AnimalsDetail */,
				F252F9EB252810EE00109BB7 /* catImage */,
				F252F9E7252810BB00109BB7 /* dogImage */,
				F2D824F22527AF0400EF89D1 /* AnimalsTableViewCell.swift */,
				F2D824E92527ADE000EF89D1 /* Animals.swift */,
				F2D824B52527ACB700EF89D1 /* AppDelegate.swift */,
				F2D824B72527ACB700EF89D1 /* SceneDelegate.swift */,
				F2D824B92527ACB700EF89D1 /* ViewController.swift */,
				F2D824BB2527ACB700EF89D1 /* Main.storyboard */,
				F2D824BE2527ACBD00EF89D1 /* Assets.xcassets */,
				F2D824C02527ACBD00EF89D1 /* LaunchScreen.storyboard */,
				F2D824C32527ACBD00EF89D1 /* Info.plist */,
			);
			path = exercicio2_Animais;
			sourceTree = "<group>";
		};
		F2D824CB2527ACBE00EF89D1 /* exercicio2_AnimaisTests */ = {
			isa = PBXGroup;
			children = (
				F2D824CC2527ACBE00EF89D1 /* exercicio2_AnimaisTests.swift */,
				F2D824CE2527ACBE00EF89D1 /* Info.plist */,
			);
			path = exercicio2_AnimaisTests;
			sourceTree = "<group>";
		};
		F2D824D62527ACBE00EF89D1 /* exercicio2_AnimaisUITests */ = {
			isa = PBXGroup;
			children = (
				F2D824D72527ACBE00EF89D1 /* exercicio2_AnimaisUITests.swift */,
				F2D824D92527ACBE00EF89D1 /* Info.plist */,
			);
			path = exercicio2_AnimaisUITests;
			sourceTree = "<group>";
		};
		F2E6BF05252A36D300278BF0 /* AnimalsDetail */ = {
			isa = PBXGroup;
			children = (
				F2E6BF06252A371F00278BF0 /* AnimalsDetailViewController.swift */,
				F2E6BF0E252A373300278BF0 /* AnimalsDetail.storyboard */,
			);
			path = AnimalsDetail;
			sourceTree = "<group>";
		};
/* End PBXGroup section */

/* Begin PBXNativeTarget section */
		F2D824B12527ACB700EF89D1 /* exercicio2_Animais */ = {
			isa = PBXNativeTarget;
			buildConfigurationList = F2D824DC2527ACBE00EF89D1 /* Build configuration list for PBXNativeTarget "exercicio2_Animais" */;
			buildPhases = (
				F2D824AE2527ACB700EF89D1 /* Sources */,
				F2D824AF2527ACB700EF89D1 /* Frameworks */,
				F2D824B02527ACB700EF89D1 /* Resources */,
			);
			buildRules = (
			);
			dependencies = (
			);
			name = exercicio2_Animais;
			productName = exercicio2_Animais;
			productReference = F2D824B22527ACB700EF89D1 /* exercicio2_Animais.app */;
			productType = "com.apple.product-type.application";
		};
		F2D824C72527ACBD00EF89D1 /* exercicio2_AnimaisTests */ = {
			isa = PBXNativeTarget;
			buildConfigurationList = F2D824DF2527ACBE00EF89D1 /* Build configuration list for PBXNativeTarget "exercicio2_AnimaisTests" */;
			buildPhases = (
				F2D824C42527ACBD00EF89D1 /* Sources */,
				F2D824C52527ACBD00EF89D1 /* Frameworks */,
				F2D824C62527ACBD00EF89D1 /* Resources */,
			);
			buildRules = (
			);
			dependencies = (
				F2D824CA2527ACBE00EF89D1 /* PBXTargetDependency */,
			);
			name = exercicio2_AnimaisTests;
			productName = exercicio2_AnimaisTests;
			productReference = F2D824C82527ACBD00EF89D1 /* exercicio2_AnimaisTests.xctest */;
			productType = "com.apple.product-type.bundle.unit-test";
		};
		F2D824D22527ACBE00EF89D1 /* exercicio2_AnimaisUITests */ = {
			isa = PBXNativeTarget;
			buildConfigurationList = F2D824E22527ACBE00EF89D1 /* Build configuration list for PBXNativeTarget "exercicio2_AnimaisUITests" */;
			buildPhases = (
				F2D824CF2527ACBE00EF89D1 /* Sources */,
				F2D824D02527ACBE00EF89D1 /* Frameworks */,
				F2D824D12527ACBE00EF89D1 /* Resources */,
			);
			buildRules = (
			);
			dependencies = (
				F2D824D52527ACBE00EF89D1 /* PBXTargetDependency */,
			);
			name = exercicio2_AnimaisUITests;
			productName = exercicio2_AnimaisUITests;
			productReference = F2D824D32527ACBE00EF89D1 /* exercicio2_AnimaisUITests.xctest */;
			productType = "com.apple.product-type.bundle.ui-testing";
		};
/* End PBXNativeTarget section */

/* Begin PBXProject section */
		F2D824AA2527ACB700EF89D1 /* Project object */ = {
			isa = PBXProject;
			attributes = {
				LastSwiftUpdateCheck = 1200;
				LastUpgradeCheck = 1200;
				TargetAttributes = {
					F2D824B12527ACB700EF89D1 = {
						CreatedOnToolsVersion = 12.0;
					};
					F2D824C72527ACBD00EF89D1 = {
						CreatedOnToolsVersion = 12.0;
						TestTargetID = F2D824B12527ACB700EF89D1;
					};
					F2D824D22527ACBE00EF89D1 = {
						CreatedOnToolsVersion = 12.0;
						TestTargetID = F2D824B12527ACB700EF89D1;
					};
				};
			};
			buildConfigurationList = F2D824AD2527ACB700EF89D1 /* Build configuration list for PBXProject "exercicio2_Animais" */;
			compatibilityVersion = "Xcode 9.3";
			developmentRegion = en;
			hasScannedForEncodings = 0;
			knownRegions = (
				en,
				Base,
			);
			mainGroup = F2D824A92527ACB700EF89D1;
			productRefGroup = F2D824B32527ACB700EF89D1 /* Products */;
			projectDirPath = "";
			projectRoot = "";
			targets = (
				F2D824B12527ACB700EF89D1 /* exercicio2_Animais */,
				F2D824C72527ACBD00EF89D1 /* exercicio2_AnimaisTests */,
				F2D824D22527ACBE00EF89D1 /* exercicio2_AnimaisUITests */,
			);
		};
/* End PBXProject section */

/* Begin PBXResourcesBuildPhase section */
		F2D824B02527ACB700EF89D1 /* Resources */ = {
			isa = PBXResourcesBuildPhase;
			buildActionMask = 2147483647;
			files = (
				F252F9F52528110D00109BB7 /* g5.png in Resources */,
				F252F9D325280DCF00109BB7 /* 4.jpg in Resources */,
				F252F9C825280C3700109BB7 /* 3.jpg in Resources */,
				F252F9CE25280D5A00109BB7 /* 2.jpg in Resources */,
				F2D824C22527ACBD00EF89D1 /* LaunchScreen.storyboard in Resources */,
				F252F9F12528110D00109BB7 /* g1.png in Resources */,
				F252F9F22528110D00109BB7 /* g3.png in Resources */,
				F252F9F42528110D00109BB7 /* g4.jpeg in Resources */,
				F252F9C225280B6600109BB7 /* 1.png in Resources */,
				F252F9E325280FB100109BB7 /* 5.png in Resources */,
				F2D824BF2527ACBD00EF89D1 /* Assets.xcassets in Resources */,
				F2E6BF0F252A373300278BF0 /* AnimalsDetail.storyboard in Resources */,
				F252F9F32528110D00109BB7 /* g2.png in Resources */,
				F2D824BD2527ACB700EF89D1 /* Main.storyboard in Resources */,
			);
			runOnlyForDeploymentPostprocessing = 0;
		};
		F2D824C62527ACBD00EF89D1 /* Resources */ = {
			isa = PBXResourcesBuildPhase;
			buildActionMask = 2147483647;
			files = (
			);
			runOnlyForDeploymentPostprocessing = 0;
		};
		F2D824D12527ACBE00EF89D1 /* Resources */ = {
			isa = PBXResourcesBuildPhase;
			buildActionMask = 2147483647;
			files = (
			);
			runOnlyForDeploymentPostprocessing = 0;
		};
/* End PBXResourcesBuildPhase section */

/* Begin PBXSourcesBuildPhase section */
		F2D824AE2527ACB700EF89D1 /* Sources */ = {
			isa = PBXSourcesBuildPhase;
			buildActionMask = 2147483647;
			files = (
				F2D824BA2527ACB700EF89D1 /* ViewController.swift in Sources */,
				F2D824EA2527ADE000EF89D1 /* Animals.swift in Sources */,
				F2D824B62527ACB700EF89D1 /* AppDelegate.swift in Sources */,
				F2E6BF07252A371F00278BF0 /* AnimalsDetailViewController.swift in Sources */,
				F2D824B82527ACB700EF89D1 /* SceneDelegate.swift in Sources */,
				F2D824F32527AF0400EF89D1 /* AnimalsTableViewCell.swift in Sources */,
			);
			runOnlyForDeploymentPostprocessing = 0;
		};
		F2D824C42527ACBD00EF89D1 /* Sources */ = {
			isa = PBXSourcesBuildPhase;
			buildActionMask = 2147483647;
			files = (
				F2D824CD2527ACBE00EF89D1 /* exercicio2_AnimaisTests.swift in Sources */,
			);
			runOnlyForDeploymentPostprocessing = 0;
		};
		F2D824CF2527ACBE00EF89D1 /* Sources */ = {
			isa = PBXSourcesBuildPhase;
			buildActionMask = 2147483647;
			files = (
				F2D824D82527ACBE00EF89D1 /* exercicio2_AnimaisUITests.swift in Sources */,
			);
			runOnlyForDeploymentPostprocessing = 0;
		};
/* End PBXSourcesBuildPhase section */

/* Begin PBXTargetDependency section */
		F2D824CA2527ACBE00EF89D1 /* PBXTargetDependency */ = {
			isa = PBXTargetDependency;
			target = F2D824B12527ACB700EF89D1 /* exercicio2_Animais */;
			targetProxy = F2D824C92527ACBE00EF89D1 /* PBXContainerItemProxy */;
		};
		F2D824D52527ACBE00EF89D1 /* PBXTargetDependency */ = {
			isa = PBXTargetDependency;
			target = F2D824B12527ACB700EF89D1 /* exercicio2_Animais */;
			targetProxy = F2D824D42527ACBE00EF89D1 /* PBXContainerItemProxy */;
		};
/* End PBXTargetDependency section */

/* Begin PBXVariantGroup section */
		F2D824BB2527ACB700EF89D1 /* Main.storyboard */ = {
			isa = PBXVariantGroup;
			children = (
				F2D824BC2527ACB700EF89D1 /* Base */,
			);
			name = Main.storyboard;
			sourceTree = "<group>";
		};
		F2D824C02527ACBD00EF89D1 /* LaunchScreen.storyboard */ = {
			isa = PBXVariantGroup;
			children = (
				F2D824C12527ACBD00EF89D1 /* Base */,
			);
			name = LaunchScreen.storyboard;
			sourceTree = "<group>";
		};
/* End PBXVariantGroup section */

/* Begin XCBuildConfiguration section */
		F2D824DA2527ACBE00EF89D1 /* Debug */ = {
			isa = XCBuildConfiguration;
			buildSettings = {
				ALWAYS_SEARCH_USER_PATHS = NO;
				CLANG_ANALYZER_NONNULL = YES;
				CLANG_ANALYZER_NUMBER_OBJECT_CONVERSION = YES_AGGRESSIVE;
				CLANG_CXX_LANGUAGE_STANDARD = "gnu++14";
				CLANG_CXX_LIBRARY = "libc++";
				CLANG_ENABLE_MODULES = YES;
				CLANG_ENABLE_OBJC_ARC = YES;
				CLANG_ENABLE_OBJC_WEAK = YES;
				CLANG_WARN_BLOCK_CAPTURE_AUTORELEASING = YES;
				CLANG_WARN_BOOL_CONVERSION = YES;
				CLANG_WARN_COMMA = YES;
				CLANG_WARN_CONSTANT_CONVERSION = YES;
				CLANG_WARN_DEPRECATED_OBJC_IMPLEMENTATIONS = YES;
				CLANG_WARN_DIRECT_OBJC_ISA_USAGE = YES_ERROR;
				CLANG_WARN_DOCUMENTATION_COMMENTS = YES;
				CLANG_WARN_EMPTY_BODY = YES;
				CLANG_WARN_ENUM_CONVERSION = YES;
				CLANG_WARN_INFINITE_RECURSION = YES;
				CLANG_WARN_INT_CONVERSION = YES;
				CLANG_WARN_NON_LITERAL_NULL_CONVERSION = YES;
				CLANG_WARN_OBJC_IMPLICIT_RETAIN_SELF = YES;
				CLANG_WARN_OBJC_LITERAL_CONVERSION = YES;
				CLANG_WARN_OBJC_ROOT_CLASS = YES_ERROR;
				CLANG_WARN_QUOTED_INCLUDE_IN_FRAMEWORK_HEADER = YES;
				CLANG_WARN_RANGE_LOOP_ANALYSIS = YES;
				CLANG_WARN_STRICT_PROTOTYPES = YES;
				CLANG_WARN_SUSPICIOUS_MOVE = YES;
				CLANG_WARN_UNGUARDED_AVAILABILITY = YES_AGGRESSIVE;
				CLANG_WARN_UNREACHABLE_CODE = YES;
				CLANG_WARN__DUPLICATE_METHOD_MATCH = YES;
				COPY_PHASE_STRIP = NO;
				DEBUG_INFORMATION_FORMAT = dwarf;
				ENABLE_STRICT_OBJC_MSGSEND = YES;
				ENABLE_TESTABILITY = YES;
				GCC_C_LANGUAGE_STANDARD = gnu11;
				GCC_DYNAMIC_NO_PIC = NO;
				GCC_NO_COMMON_BLOCKS = YES;
				GCC_OPTIMIZATION_LEVEL = 0;
				GCC_PREPROCESSOR_DEFINITIONS = (
					"DEBUG=1",
					"$(inherited)",
				);
				GCC_WARN_64_TO_32_BIT_CONVERSION = YES;
				GCC_WARN_ABOUT_RETURN_TYPE = YES_ERROR;
				GCC_WARN_UNDECLARED_SELECTOR = YES;
				GCC_WARN_UNINITIALIZED_AUTOS = YES_AGGRESSIVE;
				GCC_WARN_UNUSED_FUNCTION = YES;
				GCC_WARN_UNUSED_VARIABLE = YES;
				IPHONEOS_DEPLOYMENT_TARGET = 14.0;
				MTL_ENABLE_DEBUG_INFO = INCLUDE_SOURCE;
				MTL_FAST_MATH = YES;
				ONLY_ACTIVE_ARCH = YES;
				SDKROOT = iphoneos;
				SWIFT_ACTIVE_COMPILATION_CONDITIONS = DEBUG;
				SWIFT_OPTIMIZATION_LEVEL = "-Onone";
			};
			name = Debug;
		};
		F2D824DB2527ACBE00EF89D1 /* Release */ = {
			isa = XCBuildConfiguration;
			buildSettings = {
				ALWAYS_SEARCH_USER_PATHS = NO;
				CLANG_ANALYZER_NONNULL = YES;
				CLANG_ANALYZER_NUMBER_OBJECT_CONVERSION = YES_AGGRESSIVE;
				CLANG_CXX_LANGUAGE_STANDARD = "gnu++14";
				CLANG_CXX_LIBRARY = "libc++";
				CLANG_ENABLE_MODULES = YES;
				CLANG_ENABLE_OBJC_ARC = YES;
				CLANG_ENABLE_OBJC_WEAK = YES;
				CLANG_WARN_BLOCK_CAPTURE_AUTORELEASING = YES;
				CLANG_WARN_BOOL_CONVERSION = YES;
				CLANG_WARN_COMMA = YES;
				CLANG_WARN_CONSTANT_CONVERSION = YES;
				CLANG_WARN_DEPRECATED_OBJC_IMPLEMENTATIONS = YES;
				CLANG_WARN_DIRECT_OBJC_ISA_USAGE = YES_ERROR;
				CLANG_WARN_DOCUMENTATION_COMMENTS = YES;
				CLANG_WARN_EMPTY_BODY = YES;
				CLANG_WARN_ENUM_CONVERSION = YES;
				CLANG_WARN_INFINITE_RECURSION = YES;
				CLANG_WARN_INT_CONVERSION = YES;
				CLANG_WARN_NON_LITERAL_NULL_CONVERSION = YES;
				CLANG_WARN_OBJC_IMPLICIT_RETAIN_SELF = YES;
				CLANG_WARN_OBJC_LITERAL_CONVERSION = YES;
				CLANG_WARN_OBJC_ROOT_CLASS = YES_ERROR;
				CLANG_WARN_QUOTED_INCLUDE_IN_FRAMEWORK_HEADER = YES;
				CLANG_WARN_RANGE_LOOP_ANALYSIS = YES;
				CLANG_WARN_STRICT_PROTOTYPES = YES;
				CLANG_WARN_SUSPICIOUS_MOVE = YES;
				CLANG_WARN_UNGUARDED_AVAILABILITY = YES_AGGRESSIVE;
				CLANG_WARN_UNREACHABLE_CODE = YES;
				CLANG_WARN__DUPLICATE_METHOD_MATCH = YES;
				COPY_PHASE_STRIP = NO;
				DEBUG_INFORMATION_FORMAT = "dwarf-with-dsym";
				ENABLE_NS_ASSERTIONS = NO;
				ENABLE_STRICT_OBJC_MSGSEND = YES;
				GCC_C_LANGUAGE_STANDARD = gnu11;
				GCC_NO_COMMON_BLOCKS = YES;
				GCC_WARN_64_TO_32_BIT_CONVERSION = YES;
				GCC_WARN_ABOUT_RETURN_TYPE = YES_ERROR;
				GCC_WARN_UNDECLARED_SELECTOR = YES;
				GCC_WARN_UNINITIALIZED_AUTOS = YES_AGGRESSIVE;
				GCC_WARN_UNUSED_FUNCTION = YES;
				GCC_WARN_UNUSED_VARIABLE = YES;
				IPHONEOS_DEPLOYMENT_TARGET = 14.0;
				MTL_ENABLE_DEBUG_INFO = NO;
				MTL_FAST_MATH = YES;
				SDKROOT = iphoneos;
				SWIFT_COMPILATION_MODE = wholemodule;
				SWIFT_OPTIMIZATION_LEVEL = "-O";
				VALIDATE_PRODUCT = YES;
			};
			name = Release;
		};
		F2D824DD2527ACBE00EF89D1 /* Debug */ = {
			isa = XCBuildConfiguration;
			buildSettings = {
				ASSETCATALOG_COMPILER_APPICON_NAME = AppIcon;
				ASSETCATALOG_COMPILER_GLOBAL_ACCENT_COLOR_NAME = AccentColor;
				CODE_SIGN_STYLE = Automatic;
				INFOPLIST_FILE = exercicio2_Animais/Info.plist;
				LD_RUNPATH_SEARCH_PATHS = (
					"$(inherited)",
					"@executable_path/Frameworks",
				);
				PRODUCT_BUNDLE_IDENTIFIER = "br.com.github-bertiGrazi.exercicio2-Animais";
				PRODUCT_NAME = "$(TARGET_NAME)";
				SWIFT_VERSION = 5.0;
				TARGETED_DEVICE_FAMILY = "1,2";
			};
			name = Debug;
		};
		F2D824DE2527ACBE00EF89D1 /* Release */ = {
			isa = XCBuildConfiguration;
			buildSettings = {
				ASSETCATALOG_COMPILER_APPICON_NAME = AppIcon;
				ASSETCATALOG_COMPILER_GLOBAL_ACCENT_COLOR_NAME = AccentColor;
				CODE_SIGN_STYLE = Automatic;
				INFOPLIST_FILE = exercicio2_Animais/Info.plist;
				LD_RUNPATH_SEARCH_PATHS = (
					"$(inherited)",
					"@executable_path/Frameworks",
				);
				PRODUCT_BUNDLE_IDENTIFIER = "br.com.github-bertiGrazi.exercicio2-Animais";
				PRODUCT_NAME = "$(TARGET_NAME)";
				SWIFT_VERSION = 5.0;
				TARGETED_DEVICE_FAMILY = "1,2";
			};
			name = Release;
		};
		F2D824E02527ACBE00EF89D1 /* Debug */ = {
			isa = XCBuildConfiguration;
			buildSettings = {
				ALWAYS_EMBED_SWIFT_STANDARD_LIBRARIES = YES;
				BUNDLE_LOADER = "$(TEST_HOST)";
				CODE_SIGN_STYLE = Automatic;
				INFOPLIST_FILE = exercicio2_AnimaisTests/Info.plist;
				IPHONEOS_DEPLOYMENT_TARGET = 14.0;
				LD_RUNPATH_SEARCH_PATHS = (
					"$(inherited)",
					"@executable_path/Frameworks",
					"@loader_path/Frameworks",
				);
				PRODUCT_BUNDLE_IDENTIFIER = "br.com.github-bertiGrazi.exercicio2-AnimaisTests";
				PRODUCT_NAME = "$(TARGET_NAME)";
				SWIFT_VERSION = 5.0;
				TARGETED_DEVICE_FAMILY = "1,2";
				TEST_HOST = "$(BUILT_PRODUCTS_DIR)/exercicio2_Animais.app/exercicio2_Animais";
			};
			name = Debug;
		};
		F2D824E12527ACBE00EF89D1 /* Release */ = {
			isa = XCBuildConfiguration;
			buildSettings = {
				ALWAYS_EMBED_SWIFT_STANDARD_LIBRARIES = YES;
				BUNDLE_LOADER = "$(TEST_HOST)";
				CODE_SIGN_STYLE = Automatic;
				INFOPLIST_FILE = exercicio2_AnimaisTests/Info.plist;
				IPHONEOS_DEPLOYMENT_TARGET = 14.0;
				LD_RUNPATH_SEARCH_PATHS = (
					"$(inherited)",
					"@executable_path/Frameworks",
					"@loader_path/Frameworks",
				);
				PRODUCT_BUNDLE_IDENTIFIER = "br.com.github-bertiGrazi.exercicio2-AnimaisTests";
				PRODUCT_NAME = "$(TARGET_NAME)";
				SWIFT_VERSION = 5.0;
				TARGETED_DEVICE_FAMILY = "1,2";
				TEST_HOST = "$(BUILT_PRODUCTS_DIR)/exercicio2_Animais.app/exercicio2_Animais";
			};
			name = Release;
		};
		F2D824E32527ACBE00EF89D1 /* Debug */ = {
			isa = XCBuildConfiguration;
			buildSettings = {
				ALWAYS_EMBED_SWIFT_STANDARD_LIBRARIES = YES;
				CODE_SIGN_STYLE = Automatic;
				INFOPLIST_FILE = exercicio2_AnimaisUITests/Info.plist;
				LD_RUNPATH_SEARCH_PATHS = (
					"$(inherited)",
					"@executable_path/Frameworks",
					"@loader_path/Frameworks",
				);
				PRODUCT_BUNDLE_IDENTIFIER = "br.com.github-bertiGrazi.exercicio2-AnimaisUITests";
				PRODUCT_NAME = "$(TARGET_NAME)";
				SWIFT_VERSION = 5.0;
				TARGETED_DEVICE_FAMILY = "1,2";
				TEST_TARGET_NAME = exercicio2_Animais;
			};
			name = Debug;
		};
		F2D824E42527ACBE00EF89D1 /* Release */ = {
			isa = XCBuildConfiguration;
			buildSettings = {
				ALWAYS_EMBED_SWIFT_STANDARD_LIBRARIES = YES;
				CODE_SIGN_STYLE = Automatic;
				INFOPLIST_FILE = exercicio2_AnimaisUITests/Info.plist;
				LD_RUNPATH_SEARCH_PATHS = (
					"$(inherited)",
					"@executable_path/Frameworks",
					"@loader_path/Frameworks",
				);
				PRODUCT_BUNDLE_IDENTIFIER = "br.com.github-bertiGrazi.exercicio2-AnimaisUITests";
				PRODUCT_NAME = "$(TARGET_NAME)";
				SWIFT_VERSION = 5.0;
				TARGETED_DEVICE_FAMILY = "1,2";
				TEST_TARGET_NAME = exercicio2_Animais;
			};
			name = Release;
		};
/* End XCBuildConfiguration section */

/* Begin XCConfigurationList section */
		F2D824AD2527ACB700EF89D1 /* Build configuration list for PBXProject "exercicio2_Animais" */ = {
			isa = XCConfigurationList;
			buildConfigurations = (
				F2D824DA2527ACBE00EF89D1 /* Debug */,
				F2D824DB2527ACBE00EF89D1 /* Release */,
			);
			defaultConfigurationIsVisible = 0;
			defaultConfigurationName = Release;
		};
		F2D824DC2527ACBE00EF89D1 /* Build configuration list for PBXNativeTarget "exercicio2_Animais" */ = {
			isa = XCConfigurationList;
			buildConfigurations = (
				F2D824DD2527ACBE00EF89D1 /* Debug */,
				F2D824DE2527ACBE00EF89D1 /* Release */,
			);
			defaultConfigurationIsVisible = 0;
			defaultConfigurationName = Release;
		};
		F2D824DF2527ACBE00EF89D1 /* Build configuration list for PBXNativeTarget "exercicio2_AnimaisTests" */ = {
			isa = XCConfigurationList;
			buildConfigurations = (
				F2D824E02527ACBE00EF89D1 /* Debug */,
				F2D824E12527ACBE00EF89D1 /* Release */,
			);
			defaultConfigurationIsVisible = 0;
			defaultConfigurationName = Release;
		};
		F2D824E22527ACBE00EF89D1 /* Build configuration list for PBXNativeTarget "exercicio2_AnimaisUITests" */ = {
			isa = XCConfigurationList;
			buildConfigurations = (
				F2D824E32527ACBE00EF89D1 /* Debug */,
				F2D824E42527ACBE00EF89D1 /* Release */,
			);
			defaultConfigurationIsVisible = 0;
			defaultConfigurationName = Release;
		};
/* End XCConfigurationList section */
	};
	rootObject = F2D824AA2527ACB700EF89D1 /* Project object */;
}
