// !$*UTF8*$!
{
	archiveVersion = 1;
	classes = {
	};
	objectVersion = 50;
	objects = {

/* Begin PBXBuildFile section */
		F252FA06252812D500109BB7 /* 4.png in Resources */ = {isa = PBXBuildFile; fileRef = F252F9FC252812D400109BB7 /* 4.png */; };
		F252FA07252812D500109BB7 /* 2.png in Resources */ = {isa = PBXBuildFile; fileRef = F252F9FD252812D400109BB7 /* 2.png */; };
		F252FA08252812D500109BB7 /* 5.jpeg in Resources */ = {isa = PBXBuildFile; fileRef = F252F9FE252812D500109BB7 /* 5.jpeg */; };
		F252FA09252812D500109BB7 /* 6.jpeg in Resources */ = {isa = PBXBuildFile; fileRef = F252F9FF252812D500109BB7 /* 6.jpeg */; };
		F252FA0A252812D500109BB7 /* 7.jpeg in Resources */ = {isa = PBXBuildFile; fileRef = F252FA00252812D500109BB7 /* 7.jpeg */; };
		F252FA0C252812D500109BB7 /* 8.jpg in Resources */ = {isa = PBXBuildFile; fileRef = F252FA02252812D500109BB7 /* 8.jpg */; };
		F252FA0D252812D500109BB7 /* 1.png in Resources */ = {isa = PBXBuildFile; fileRef = F252FA03252812D500109BB7 /* 1.png */; };
		F252FA0E252812D500109BB7 /* 3.png in Resources */ = {isa = PBXBuildFile; fileRef = F252FA04252812D500109BB7 /* 3.png */; };
		F252FA0F252812D500109BB7 /* 9.jpg in Resources */ = {isa = PBXBuildFile; fileRef = F252FA05252812D500109BB7 /* 9.jpg */; };
		F252FA1C2528169A00109BB7 /* 10.png in Resources */ = {isa = PBXBuildFile; fileRef = F252FA162528169A00109BB7 /* 10.png */; };
		F252FA1D2528169A00109BB7 /* 13.png in Resources */ = {isa = PBXBuildFile; fileRef = F252FA172528169A00109BB7 /* 13.png */; };
		F252FA1E2528169A00109BB7 /* 11.png in Resources */ = {isa = PBXBuildFile; fileRef = F252FA182528169A00109BB7 /* 11.png */; };
		F252FA1F2528169A00109BB7 /* 12.png in Resources */ = {isa = PBXBuildFile; fileRef = F252FA192528169A00109BB7 /* 12.png */; };
		F252FA202528169A00109BB7 /* 14.png in Resources */ = {isa = PBXBuildFile; fileRef = F252FA1A2528169A00109BB7 /* 14.png */; };
		F252FA212528169A00109BB7 /* 15.png in Resources */ = {isa = PBXBuildFile; fileRef = F252FA1B2528169A00109BB7 /* 15.png */; };
		F2D8245225278C4100EF89D1 /* AppDelegate.swift in Sources */ = {isa = PBXBuildFile; fileRef = F2D8245125278C4100EF89D1 /* AppDelegate.swift */; };
		F2D8245425278C4100EF89D1 /* SceneDelegate.swift in Sources */ = {isa = PBXBuildFile; fileRef = F2D8245325278C4100EF89D1 /* SceneDelegate.swift */; };
		F2D8245625278C4100EF89D1 /* ViewController.swift in Sources */ = {isa = PBXBuildFile; fileRef = F2D8245525278C4100EF89D1 /* ViewController.swift */; };
		F2D8245925278C4100EF89D1 /* Main.storyboard in Resources */ = {isa = PBXBuildFile; fileRef = F2D8245725278C4100EF89D1 /* Main.storyboard */; };
		F2D8245B25278C4500EF89D1 /* Assets.xcassets in Resources */ = {isa = PBXBuildFile; fileRef = F2D8245A25278C4500EF89D1 /* Assets.xcassets */; };
		F2D8245E25278C4500EF89D1 /* LaunchScreen.storyboard in Resources */ = {isa = PBXBuildFile; fileRef = F2D8245C25278C4500EF89D1 /* LaunchScreen.storyboard */; };
		F2D8246925278C4500EF89D1 /* exercicio_01_FuncionariosTests.swift in Sources */ = {isa = PBXBuildFile; fileRef = F2D8246825278C4500EF89D1 /* exercicio_01_FuncionariosTests.swift */; };
		F2D8247425278C4500EF89D1 /* exercicio_01_FuncionariosUITests.swift in Sources */ = {isa = PBXBuildFile; fileRef = F2D8247325278C4500EF89D1 /* exercicio_01_FuncionariosUITests.swift */; };
		F2D8248A25278DA800EF89D1 /* FuncTableViewCell.swift in Sources */ = {isa = PBXBuildFile; fileRef = F2D8248925278DA800EF89D1 /* FuncTableViewCell.swift */; };
		F2D8249225278E4400EF89D1 /* Funcionario.swift in Sources */ = {isa = PBXBuildFile; fileRef = F2D8249125278E4400EF89D1 /* Funcionario.swift */; };
/* End PBXBuildFile section */

/* Begin PBXContainerItemProxy section */
		F2D8246525278C4500EF89D1 /* PBXContainerItemProxy */ = {
			isa = PBXContainerItemProxy;
			containerPortal = F2D8244625278C4100EF89D1 /* Project object */;
			proxyType = 1;
			remoteGlobalIDString = F2D8244D25278C4100EF89D1;
			remoteInfo = exercicio_01_Funcionarios;
		};
		F2D8247025278C4500EF89D1 /* PBXContainerItemProxy */ = {
			isa = PBXContainerItemProxy;
			containerPortal = F2D8244625278C4100EF89D1 /* Project object */;
			proxyType = 1;
			remoteGlobalIDString = F2D8244D25278C4100EF89D1;
			remoteInfo = exercicio_01_Funcionarios;
		};
/* End PBXContainerItemProxy section */

/* Begin PBXFileReference section */
		F252F9FC252812D400109BB7 /* 4.png */ = {isa = PBXFileReference; lastKnownFileType = image.png; path = 4.png; sourceTree = "<group>"; };
		F252F9FD252812D400109BB7 /* 2.png */ = {isa = PBXFileReference; lastKnownFileType = image.png; path = 2.png; sourceTree = "<group>"; };
		F252F9FE252812D500109BB7 /* 5.jpeg */ = {isa = PBXFileReference; lastKnownFileType = image.jpeg; path = 5.jpeg; sourceTree = "<group>"; };
		F252F9FF252812D500109BB7 /* 6.jpeg */ = {isa = PBXFileReference; lastKnownFileType = image.jpeg; path = 6.jpeg; sourceTree = "<group>"; };
		F252FA00252812D500109BB7 /* 7.jpeg */ = {isa = PBXFileReference; lastKnownFileType = image.jpeg; path = 7.jpeg; sourceTree = "<group>"; };
		F252FA02252812D500109BB7 /* 8.jpg */ = {isa = PBXFileReference; lastKnownFileType = image.jpeg; path = 8.jpg; sourceTree = "<group>"; };
		F252FA03252812D500109BB7 /* 1.png */ = {isa = PBXFileReference; lastKnownFileType = image.png; path = 1.png; sourceTree = "<group>"; };
		F252FA04252812D500109BB7 /* 3.png */ = {isa = PBXFileReference; lastKnownFileType = image.png; path = 3.png; sourceTree = "<group>"; };
		F252FA05252812D500109BB7 /* 9.jpg */ = {isa = PBXFileReference; lastKnownFileType = image.jpeg; path = 9.jpg; sourceTree = "<group>"; };
		F252FA162528169A00109BB7 /* 10.png */ = {isa = PBXFileReference; lastKnownFileType = image.png; path = 10.png; sourceTree = "<group>"; };
		F252FA172528169A00109BB7 /* 13.png */ = {isa = PBXFileReference; lastKnownFileType = image.png; path = 13.png; sourceTree = "<group>"; };
		F252FA182528169A00109BB7 /* 11.png */ = {isa = PBXFileReference; lastKnownFileType = image.png; path = 11.png; sourceTree = "<group>"; };
		F252FA192528169A00109BB7 /* 12.png */ = {isa = PBXFileReference; lastKnownFileType = image.png; path = 12.png; sourceTree = "<group>"; };
		F252FA1A2528169A00109BB7 /* 14.png */ = {isa = PBXFileReference; lastKnownFileType = image.png; path = 14.png; sourceTree = "<group>"; };
		F252FA1B2528169A00109BB7 /* 15.png */ = {isa = PBXFileReference; lastKnownFileType = image.png; path = 15.png; sourceTree = "<group>"; };
		F2D8244E25278C4100EF89D1 /* exercicio_01_Funcionarios.app */ = {isa = PBXFileReference; explicitFileType = wrapper.application; includeInIndex = 0; path = exercicio_01_Funcionarios.app; sourceTree = BUILT_PRODUCTS_DIR; };
		F2D8245125278C4100EF89D1 /* AppDelegate.swift */ = {isa = PBXFileReference; lastKnownFileType = sourcecode.swift; path = AppDelegate.swift; sourceTree = "<group>"; };
		F2D8245325278C4100EF89D1 /* SceneDelegate.swift */ = {isa = PBXFileReference; lastKnownFileType = sourcecode.swift; path = SceneDelegate.swift; sourceTree = "<group>"; };
		F2D8245525278C4100EF89D1 /* ViewController.swift */ = {isa = PBXFileReference; lastKnownFileType = sourcecode.swift; path = ViewController.swift; sourceTree = "<group>"; };
		F2D8245825278C4100EF89D1 /* Base */ = {isa = PBXFileReference; lastKnownFileType = file.storyboard; name = Base; path = Base.lproj/Main.storyboard; sourceTree = "<group>"; };
		F2D8245A25278C4500EF89D1 /* Assets.xcassets */ = {isa = PBXFileReference; lastKnownFileType = folder.assetcatalog; path = Assets.xcassets; sourceTree = "<group>"; };
		F2D8245D25278C4500EF89D1 /* Base */ = {isa = PBXFileReference; lastKnownFileType = file.storyboard; name = Base; path = Base.lproj/LaunchScreen.storyboard; sourceTree = "<group>"; };
		F2D8245F25278C4500EF89D1 /* Info.plist */ = {isa = PBXFileReference; lastKnownFileType = text.plist.xml; path = Info.plist; sourceTree = "<group>"; };
		F2D8246425278C4500EF89D1 /* exercicio_01_FuncionariosTests.xctest */ = {isa = PBXFileReference; explicitFileType = wrapper.cfbundle; includeInIndex = 0; path = exercicio_01_FuncionariosTests.xctest; sourceTree = BUILT_PRODUCTS_DIR; };
		F2D8246825278C4500EF89D1 /* exercicio_01_FuncionariosTests.swift */ = {isa = PBXFileReference; lastKnownFileType = sourcecode.swift; path = exercicio_01_FuncionariosTests.swift; sourceTree = "<group>"; };
		F2D8246A25278C4500EF89D1 /* Info.plist */ = {isa = PBXFileReference; lastKnownFileType = text.plist.xml; path = Info.plist; sourceTree = "<group>"; };
		F2D8246F25278C4500EF89D1 /* exercicio_01_FuncionariosUITests.xctest */ = {isa = PBXFileReference; explicitFileType = wrapper.cfbundle; includeInIndex = 0; path = exercicio_01_FuncionariosUITests.xctest; sourceTree = BUILT_PRODUCTS_DIR; };
		F2D8247325278C4500EF89D1 /* exercicio_01_FuncionariosUITests.swift */ = {isa = PBXFileReference; lastKnownFileType = sourcecode.swift; path = exercicio_01_FuncionariosUITests.swift; sourceTree = "<group>"; };
		F2D8247525278C4500EF89D1 /* Info.plist */ = {isa = PBXFileReference; lastKnownFileType = text.plist.xml; path = Info.plist; sourceTree = "<group>"; };
		F2D8248925278DA800EF89D1 /* FuncTableViewCell.swift */ = {isa = PBXFileReference; lastKnownFileType = sourcecode.swift; path = FuncTableViewCell.swift; sourceTree = "<group>"; };
		F2D8249125278E4400EF89D1 /* Funcionario.swift */ = {isa = PBXFileReference; lastKnownFileType = sourcecode.swift; path = Funcionario.swift; sourceTree = "<group>"; };
/* End PBXFileReference section */

/* Begin PBXFrameworksBuildPhase section */
		F2D8244B25278C4100EF89D1 /* Frameworks */ = {
			isa = PBXFrameworksBuildPhase;
			buildActionMask = 2147483647;
			files = (
			);
			runOnlyForDeploymentPostprocessing = 0;
		};
		F2D8246125278C4500EF89D1 /* Frameworks */ = {
			isa = PBXFrameworksBuildPhase;
			buildActionMask = 2147483647;
			files = (
			);
			runOnlyForDeploymentPostprocessing = 0;
		};
		F2D8246C25278C4500EF89D1 /* Frameworks */ = {
			isa = PBXFrameworksBuildPhase;
			buildActionMask = 2147483647;
			files = (
			);
			runOnlyForDeploymentPostprocessing = 0;
		};
/* End PBXFrameworksBuildPhase section */

/* Begin PBXGroup section */
		F2D8244525278C4100EF89D1 = {
			isa = PBXGroup;
			children = (
				F2D824A52527A50900EF89D1 /* imagens */,
				F2D8245025278C4100EF89D1 /* exercicio_01_Funcionarios */,
				F2D8246725278C4500EF89D1 /* exercicio_01_FuncionariosTests */,
				F2D8247225278C4500EF89D1 /* exercicio_01_FuncionariosUITests */,
				F2D8244F25278C4100EF89D1 /* Products */,
			);
			sourceTree = "<group>";
		};
		F2D8244F25278C4100EF89D1 /* Products */ = {
			isa = PBXGroup;
			children = (
				F2D8244E25278C4100EF89D1 /* exercicio_01_Funcionarios.app */,
				F2D8246425278C4500EF89D1 /* exercicio_01_FuncionariosTests.xctest */,
				F2D8246F25278C4500EF89D1 /* exercicio_01_FuncionariosUITests.xctest */,
			);
			name = Products;
			sourceTree = "<group>";
		};
		F2D8245025278C4100EF89D1 /* exercicio_01_Funcionarios */ = {
			isa = PBXGroup;
			children = (
				F2D8245125278C4100EF89D1 /* AppDelegate.swift */,
				F2D8245325278C4100EF89D1 /* SceneDelegate.swift */,
				F2D8245525278C4100EF89D1 /* ViewController.swift */,
				F2D8249125278E4400EF89D1 /* Funcionario.swift */,
				F2D8248925278DA800EF89D1 /* FuncTableViewCell.swift */,
				F2D8245725278C4100EF89D1 /* Main.storyboard */,
				F2D8245A25278C4500EF89D1 /* Assets.xcassets */,
				F2D8245C25278C4500EF89D1 /* LaunchScreen.storyboard */,
				F2D8245F25278C4500EF89D1 /* Info.plist */,
			);
			path = exercicio_01_Funcionarios;
			sourceTree = "<group>";
		};
		F2D8246725278C4500EF89D1 /* exercicio_01_FuncionariosTests */ = {
			isa = PBXGroup;
			children = (
				F2D8246825278C4500EF89D1 /* exercicio_01_FuncionariosTests.swift */,
				F2D8246A25278C4500EF89D1 /* Info.plist */,
			);
			path = exercicio_01_FuncionariosTests;
			sourceTree = "<group>";
		};
		F2D8247225278C4500EF89D1 /* exercicio_01_FuncionariosUITests */ = {
			isa = PBXGroup;
			children = (
				F2D8247325278C4500EF89D1 /* exercicio_01_FuncionariosUITests.swift */,
				F2D8247525278C4500EF89D1 /* Info.plist */,
			);
			path = exercicio_01_FuncionariosUITests;
			sourceTree = "<group>";
		};
		F2D824A52527A50900EF89D1 /* imagens */ = {
			isa = PBXGroup;
			children = (
				F252FA03252812D500109BB7 /* 1.png */,
				F252F9FD252812D400109BB7 /* 2.png */,
				F252FA04252812D500109BB7 /* 3.png */,
				F252F9FC252812D400109BB7 /* 4.png */,
				F252F9FE252812D500109BB7 /* 5.jpeg */,
				F252F9FF252812D500109BB7 /* 6.jpeg */,
				F252FA00252812D500109BB7 /* 7.jpeg */,
				F252FA02252812D500109BB7 /* 8.jpg */,
				F252FA162528169A00109BB7 /* 10.png */,
				F252FA182528169A00109BB7 /* 11.png */,
				F252FA192528169A00109BB7 /* 12.png */,
				F252FA172528169A00109BB7 /* 13.png */,
				F252FA1A2528169A00109BB7 /* 14.png */,
				F252FA1B2528169A00109BB7 /* 15.png */,
				F252FA05252812D500109BB7 /* 9.jpg */,
			);
			path = imagens;
			sourceTree = "<group>";
		};
/* End PBXGroup section */

/* Begin PBXNativeTarget section */
		F2D8244D25278C4100EF89D1 /* exercicio_01_Funcionarios */ = {
			isa = PBXNativeTarget;
			buildConfigurationList = F2D8247825278C4500EF89D1 /* Build configuration list for PBXNativeTarget "exercicio_01_Funcionarios" */;
			buildPhases = (
				F2D8244A25278C4100EF89D1 /* Sources */,
				F2D8244B25278C4100EF89D1 /* Frameworks */,
				F2D8244C25278C4100EF89D1 /* Resources */,
			);
			buildRules = (
			);
			dependencies = (
			);
			name = exercicio_01_Funcionarios;
			productName = exercicio_01_Funcionarios;
			productReference = F2D8244E25278C4100EF89D1 /* exercicio_01_Funcionarios.app */;
			productType = "com.apple.product-type.application";
		};
		F2D8246325278C4500EF89D1 /* exercicio_01_FuncionariosTests */ = {
			isa = PBXNativeTarget;
			buildConfigurationList = F2D8247B25278C4500EF89D1 /* Build configuration list for PBXNativeTarget "exercicio_01_FuncionariosTests" */;
			buildPhases = (
				F2D8246025278C4500EF89D1 /* Sources */,
				F2D8246125278C4500EF89D1 /* Frameworks */,
				F2D8246225278C4500EF89D1 /* Resources */,
			);
			buildRules = (
			);
			dependencies = (
				F2D8246625278C4500EF89D1 /* PBXTargetDependency */,
			);
			name = exercicio_01_FuncionariosTests;
			productName = exercicio_01_FuncionariosTests;
			productReference = F2D8246425278C4500EF89D1 /* exercicio_01_FuncionariosTests.xctest */;
			productType = "com.apple.product-type.bundle.unit-test";
		};
		F2D8246E25278C4500EF89D1 /* exercicio_01_FuncionariosUITests */ = {
			isa = PBXNativeTarget;
			buildConfigurationList = F2D8247E25278C4500EF89D1 /* Build configuration list for PBXNativeTarget "exercicio_01_FuncionariosUITests" */;
			buildPhases = (
				F2D8246B25278C4500EF89D1 /* Sources */,
				F2D8246C25278C4500EF89D1 /* Frameworks */,
				F2D8246D25278C4500EF89D1 /* Resources */,
			);
			buildRules = (
			);
			dependencies = (
				F2D8247125278C4500EF89D1 /* PBXTargetDependency */,
			);
			name = exercicio_01_FuncionariosUITests;
			productName = exercicio_01_FuncionariosUITests;
			productReference = F2D8246F25278C4500EF89D1 /* exercicio_01_FuncionariosUITests.xctest */;
			productType = "com.apple.product-type.bundle.ui-testing";
		};
/* End PBXNativeTarget section */

/* Begin PBXProject section */
		F2D8244625278C4100EF89D1 /* Project object */ = {
			isa = PBXProject;
			attributes = {
				LastSwiftUpdateCheck = 1200;
				LastUpgradeCheck = 1200;
				TargetAttributes = {
					F2D8244D25278C4100EF89D1 = {
						CreatedOnToolsVersion = 12.0;
					};
					F2D8246325278C4500EF89D1 = {
						CreatedOnToolsVersion = 12.0;
						TestTargetID = F2D8244D25278C4100EF89D1;
					};
					F2D8246E25278C4500EF89D1 = {
						CreatedOnToolsVersion = 12.0;
						TestTargetID = F2D8244D25278C4100EF89D1;
					};
				};
			};
			buildConfigurationList = F2D8244925278C4100EF89D1 /* Build configuration list for PBXProject "exercicio_01_Funcionarios" */;
			compatibilityVersion = "Xcode 9.3";
			developmentRegion = en;
			hasScannedForEncodings = 0;
			knownRegions = (
				en,
				Base,
			);
			mainGroup = F2D8244525278C4100EF89D1;
			productRefGroup = F2D8244F25278C4100EF89D1 /* Products */;
			projectDirPath = "";
			projectRoot = "";
			targets = (
				F2D8244D25278C4100EF89D1 /* exercicio_01_Funcionarios */,
				F2D8246325278C4500EF89D1 /* exercicio_01_FuncionariosTests */,
				F2D8246E25278C4500EF89D1 /* exercicio_01_FuncionariosUITests */,
			);
		};
/* End PBXProject section */

/* Begin PBXResourcesBuildPhase section */
		F2D8244C25278C4100EF89D1 /* Resources */ = {
			isa = PBXResourcesBuildPhase;
			buildActionMask = 2147483647;
			files = (
				F252FA1C2528169A00109BB7 /* 10.png in Resources */,
				F252FA0F252812D500109BB7 /* 9.jpg in Resources */,
				F252FA0D252812D500109BB7 /* 1.png in Resources */,
				F252FA0C252812D500109BB7 /* 8.jpg in Resources */,
				F252FA06252812D500109BB7 /* 4.png in Resources */,
				F252FA0E252812D500109BB7 /* 3.png in Resources */,
				F252FA0A252812D500109BB7 /* 7.jpeg in Resources */,
				F2D8245E25278C4500EF89D1 /* LaunchScreen.storyboard in Resources */,
				F252FA09252812D500109BB7 /* 6.jpeg in Resources */,
				F252FA212528169A00109BB7 /* 15.png in Resources */,
				F252FA07252812D500109BB7 /* 2.png in Resources */,
				F252FA1E2528169A00109BB7 /* 11.png in Resources */,
				F2D8245B25278C4500EF89D1 /* Assets.xcassets in Resources */,
				F252FA1F2528169A00109BB7 /* 12.png in Resources */,
				F2D8245925278C4100EF89D1 /* Main.storyboard in Resources */,
				F252FA08252812D500109BB7 /* 5.jpeg in Resources */,
				F252FA1D2528169A00109BB7 /* 13.png in Resources */,
				F252FA202528169A00109BB7 /* 14.png in Resources */,
			);
			runOnlyForDeploymentPostprocessing = 0;
		};
		F2D8246225278C4500EF89D1 /* Resources */ = {
			isa = PBXResourcesBuildPhase;
			buildActionMask = 2147483647;
			files = (
			);
			runOnlyForDeploymentPostprocessing = 0;
		};
		F2D8246D25278C4500EF89D1 /* Resources */ = {
			isa = PBXResourcesBuildPhase;
			buildActionMask = 2147483647;
			files = (
			);
			runOnlyForDeploymentPostprocessing = 0;
		};
/* End PBXResourcesBuildPhase section */

/* Begin PBXSourcesBuildPhase section */
		F2D8244A25278C4100EF89D1 /* Sources */ = {
			isa = PBXSourcesBuildPhase;
			buildActionMask = 2147483647;
			files = (
				F2D8245625278C4100EF89D1 /* ViewController.swift in Sources */,
				F2D8249225278E4400EF89D1 /* Funcionario.swift in Sources */,
				F2D8248A25278DA800EF89D1 /* FuncTableViewCell.swift in Sources */,
				F2D8245225278C4100EF89D1 /* AppDelegate.swift in Sources */,
				F2D8245425278C4100EF89D1 /* SceneDelegate.swift in Sources */,
			);
			runOnlyForDeploymentPostprocessing = 0;
		};
		F2D8246025278C4500EF89D1 /* Sources */ = {
			isa = PBXSourcesBuildPhase;
			buildActionMask = 2147483647;
			files = (
				F2D8246925278C4500EF89D1 /* exercicio_01_FuncionariosTests.swift in Sources */,
			);
			runOnlyForDeploymentPostprocessing = 0;
		};
		F2D8246B25278C4500EF89D1 /* Sources */ = {
			isa = PBXSourcesBuildPhase;
			buildActionMask = 2147483647;
			files = (
				F2D8247425278C4500EF89D1 /* exercicio_01_FuncionariosUITests.swift in Sources */,
			);
			runOnlyForDeploymentPostprocessing = 0;
		};
/* End PBXSourcesBuildPhase section */

/* Begin PBXTargetDependency section */
		F2D8246625278C4500EF89D1 /* PBXTargetDependency */ = {
			isa = PBXTargetDependency;
			target = F2D8244D25278C4100EF89D1 /* exercicio_01_Funcionarios */;
			targetProxy = F2D8246525278C4500EF89D1 /* PBXContainerItemProxy */;
		};
		F2D8247125278C4500EF89D1 /* PBXTargetDependency */ = {
			isa = PBXTargetDependency;
			target = F2D8244D25278C4100EF89D1 /* exercicio_01_Funcionarios */;
			targetProxy = F2D8247025278C4500EF89D1 /* PBXContainerItemProxy */;
		};
/* End PBXTargetDependency section */

/* Begin PBXVariantGroup section */
		F2D8245725278C4100EF89D1 /* Main.storyboard */ = {
			isa = PBXVariantGroup;
			children = (
				F2D8245825278C4100EF89D1 /* Base */,
			);
			name = Main.storyboard;
			sourceTree = "<group>";
		};
		F2D8245C25278C4500EF89D1 /* LaunchScreen.storyboard */ = {
			isa = PBXVariantGroup;
			children = (
				F2D8245D25278C4500EF89D1 /* Base */,
			);
			name = LaunchScreen.storyboard;
			sourceTree = "<group>";
		};
/* End PBXVariantGroup section */

/* Begin XCBuildConfiguration section */
		F2D8247625278C4500EF89D1 /* Debug */ = {
			isa = XCBuildConfiguration;
			buildSettings = {
				ALWAYS_SEARCH_USER_PATHS = NO;
				CLANG_ANALYZER_NONNULL = YES;
				CLANG_ANALYZER_NUMBER_OBJECT_CONVERSION = YES_AGGRESSIVE;
				CLANG_CXX_LANGUAGE_STANDARD = "gnu++14";
				CLANG_CXX_LIBRARY = "libc++";
				CLANG_ENABLE_MODULES = YES;
				CLANG_ENABLE_OBJC_ARC = YES;
				CLANG_ENABLE_OBJC_WEAK = YES;
				CLANG_WARN_BLOCK_CAPTURE_AUTORELEASING = YES;
				CLANG_WARN_BOOL_CONVERSION = YES;
				CLANG_WARN_COMMA = YES;
				CLANG_WARN_CONSTANT_CONVERSION = YES;
				CLANG_WARN_DEPRECATED_OBJC_IMPLEMENTATIONS = YES;
				CLANG_WARN_DIRECT_OBJC_ISA_USAGE = YES_ERROR;
				CLANG_WARN_DOCUMENTATION_COMMENTS = YES;
				CLANG_WARN_EMPTY_BODY = YES;
				CLANG_WARN_ENUM_CONVERSION = YES;
				CLANG_WARN_INFINITE_RECURSION = YES;
				CLANG_WARN_INT_CONVERSION = YES;
				CLANG_WARN_NON_LITERAL_NULL_CONVERSION = YES;
				CLANG_WARN_OBJC_IMPLICIT_RETAIN_SELF = YES;
				CLANG_WARN_OBJC_LITERAL_CONVERSION = YES;
				CLANG_WARN_OBJC_ROOT_CLASS = YES_ERROR;
				CLANG_WARN_QUOTED_INCLUDE_IN_FRAMEWORK_HEADER = YES;
				CLANG_WARN_RANGE_LOOP_ANALYSIS = YES;
				CLANG_WARN_STRICT_PROTOTYPES = YES;
				CLANG_WARN_SUSPICIOUS_MOVE = YES;
				CLANG_WARN_UNGUARDED_AVAILABILITY = YES_AGGRESSIVE;
				CLANG_WARN_UNREACHABLE_CODE = YES;
				CLANG_WARN__DUPLICATE_METHOD_MATCH = YES;
				COPY_PHASE_STRIP = NO;
				DEBUG_INFORMATION_FORMAT = dwarf;
				ENABLE_STRICT_OBJC_MSGSEND = YES;
				ENABLE_TESTABILITY = YES;
				GCC_C_LANGUAGE_STANDARD = gnu11;
				GCC_DYNAMIC_NO_PIC = NO;
				GCC_NO_COMMON_BLOCKS = YES;
				GCC_OPTIMIZATION_LEVEL = 0;
				GCC_PREPROCESSOR_DEFINITIONS = (
					"DEBUG=1",
					"$(inherited)",
				);
				GCC_WARN_64_TO_32_BIT_CONVERSION = YES;
				GCC_WARN_ABOUT_RETURN_TYPE = YES_ERROR;
				GCC_WARN_UNDECLARED_SELECTOR = YES;
				GCC_WARN_UNINITIALIZED_AUTOS = YES_AGGRESSIVE;
				GCC_WARN_UNUSED_FUNCTION = YES;
				GCC_WARN_UNUSED_VARIABLE = YES;
				IPHONEOS_DEPLOYMENT_TARGET = 14.0;
				MTL_ENABLE_DEBUG_INFO = INCLUDE_SOURCE;
				MTL_FAST_MATH = YES;
				ONLY_ACTIVE_ARCH = YES;
				SDKROOT = iphoneos;
				SWIFT_ACTIVE_COMPILATION_CONDITIONS = DEBUG;
				SWIFT_OPTIMIZATION_LEVEL = "-Onone";
			};
			name = Debug;
		};
		F2D8247725278C4500EF89D1 /* Release */ = {
			isa = XCBuildConfiguration;
			buildSettings = {
				ALWAYS_SEARCH_USER_PATHS = NO;
				CLANG_ANALYZER_NONNULL = YES;
				CLANG_ANALYZER_NUMBER_OBJECT_CONVERSION = YES_AGGRESSIVE;
				CLANG_CXX_LANGUAGE_STANDARD = "gnu++14";
				CLANG_CXX_LIBRARY = "libc++";
				CLANG_ENABLE_MODULES = YES;
				CLANG_ENABLE_OBJC_ARC = YES;
				CLANG_ENABLE_OBJC_WEAK = YES;
				CLANG_WARN_BLOCK_CAPTURE_AUTORELEASING = YES;
				CLANG_WARN_BOOL_CONVERSION = YES;
				CLANG_WARN_COMMA = YES;
				CLANG_WARN_CONSTANT_CONVERSION = YES;
				CLANG_WARN_DEPRECATED_OBJC_IMPLEMENTATIONS = YES;
				CLANG_WARN_DIRECT_OBJC_ISA_USAGE = YES_ERROR;
				CLANG_WARN_DOCUMENTATION_COMMENTS = YES;
				CLANG_WARN_EMPTY_BODY = YES;
				CLANG_WARN_ENUM_CONVERSION = YES;
				CLANG_WARN_INFINITE_RECURSION = YES;
				CLANG_WARN_INT_CONVERSION = YES;
				CLANG_WARN_NON_LITERAL_NULL_CONVERSION = YES;
				CLANG_WARN_OBJC_IMPLICIT_RETAIN_SELF = YES;
				CLANG_WARN_OBJC_LITERAL_CONVERSION = YES;
				CLANG_WARN_OBJC_ROOT_CLASS = YES_ERROR;
				CLANG_WARN_QUOTED_INCLUDE_IN_FRAMEWORK_HEADER = YES;
				CLANG_WARN_RANGE_LOOP_ANALYSIS = YES;
				CLANG_WARN_STRICT_PROTOTYPES = YES;
				CLANG_WARN_SUSPICIOUS_MOVE = YES;
				CLANG_WARN_UNGUARDED_AVAILABILITY = YES_AGGRESSIVE;
				CLANG_WARN_UNREACHABLE_CODE = YES;
				CLANG_WARN__DUPLICATE_METHOD_MATCH = YES;
				COPY_PHASE_STRIP = NO;
				DEBUG_INFORMATION_FORMAT = "dwarf-with-dsym";
				ENABLE_NS_ASSERTIONS = NO;
				ENABLE_STRICT_OBJC_MSGSEND = YES;
				GCC_C_LANGUAGE_STANDARD = gnu11;
				GCC_NO_COMMON_BLOCKS = YES;
				GCC_WARN_64_TO_32_BIT_CONVERSION = YES;
				GCC_WARN_ABOUT_RETURN_TYPE = YES_ERROR;
				GCC_WARN_UNDECLARED_SELECTOR = YES;
				GCC_WARN_UNINITIALIZED_AUTOS = YES_AGGRESSIVE;
				GCC_WARN_UNUSED_FUNCTION = YES;
				GCC_WARN_UNUSED_VARIABLE = YES;
				IPHONEOS_DEPLOYMENT_TARGET = 14.0;
				MTL_ENABLE_DEBUG_INFO = NO;
				MTL_FAST_MATH = YES;
				SDKROOT = iphoneos;
				SWIFT_COMPILATION_MODE = wholemodule;
				SWIFT_OPTIMIZATION_LEVEL = "-O";
				VALIDATE_PRODUCT = YES;
			};
			name = Release;
		};
		F2D8247925278C4500EF89D1 /* Debug */ = {
			isa = XCBuildConfiguration;
			buildSettings = {
				ASSETCATALOG_COMPILER_APPICON_NAME = AppIcon;
				ASSETCATALOG_COMPILER_GLOBAL_ACCENT_COLOR_NAME = AccentColor;
				CODE_SIGN_STYLE = Automatic;
				INFOPLIST_FILE = exercicio_01_Funcionarios/Info.plist;
				LD_RUNPATH_SEARCH_PATHS = (
					"$(inherited)",
					"@executable_path/Frameworks",
				);
				PRODUCT_BUNDLE_IDENTIFIER = "br.com.github-bertiGrazi.exercicio-01-Funcionarios";
				PRODUCT_NAME = "$(TARGET_NAME)";
				SWIFT_VERSION = 5.0;
				TARGETED_DEVICE_FAMILY = "1,2";
			};
			name = Debug;
		};
		F2D8247A25278C4500EF89D1 /* Release */ = {
			isa = XCBuildConfiguration;
			buildSettings = {
				ASSETCATALOG_COMPILER_APPICON_NAME = AppIcon;
				ASSETCATALOG_COMPILER_GLOBAL_ACCENT_COLOR_NAME = AccentColor;
				CODE_SIGN_STYLE = Automatic;
				INFOPLIST_FILE = exercicio_01_Funcionarios/Info.plist;
				LD_RUNPATH_SEARCH_PATHS = (
					"$(inherited)",
					"@executable_path/Frameworks",
				);
				PRODUCT_BUNDLE_IDENTIFIER = "br.com.github-bertiGrazi.exercicio-01-Funcionarios";
				PRODUCT_NAME = "$(TARGET_NAME)";
				SWIFT_VERSION = 5.0;
				TARGETED_DEVICE_FAMILY = "1,2";
			};
			name = Release;
		};
		F2D8247C25278C4500EF89D1 /* Debug */ = {
			isa = XCBuildConfiguration;
			buildSettings = {
				ALWAYS_EMBED_SWIFT_STANDARD_LIBRARIES = YES;
				BUNDLE_LOADER = "$(TEST_HOST)";
				CODE_SIGN_STYLE = Automatic;
				INFOPLIST_FILE = exercicio_01_FuncionariosTests/Info.plist;
				IPHONEOS_DEPLOYMENT_TARGET = 14.0;
				LD_RUNPATH_SEARCH_PATHS = (
					"$(inherited)",
					"@executable_path/Frameworks",
					"@loader_path/Frameworks",
				);
				PRODUCT_BUNDLE_IDENTIFIER = "br.com.github-bertiGrazi.exercicio-01-FuncionariosTests";
				PRODUCT_NAME = "$(TARGET_NAME)";
				SWIFT_VERSION = 5.0;
				TARGETED_DEVICE_FAMILY = "1,2";
				TEST_HOST = "$(BUILT_PRODUCTS_DIR)/exercicio_01_Funcionarios.app/exercicio_01_Funcionarios";
			};
			name = Debug;
		};
		F2D8247D25278C4500EF89D1 /* Release */ = {
			isa = XCBuildConfiguration;
			buildSettings = {
				ALWAYS_EMBED_SWIFT_STANDARD_LIBRARIES = YES;
				BUNDLE_LOADER = "$(TEST_HOST)";
				CODE_SIGN_STYLE = Automatic;
				INFOPLIST_FILE = exercicio_01_FuncionariosTests/Info.plist;
				IPHONEOS_DEPLOYMENT_TARGET = 14.0;
				LD_RUNPATH_SEARCH_PATHS = (
					"$(inherited)",
					"@executable_path/Frameworks",
					"@loader_path/Frameworks",
				);
				PRODUCT_BUNDLE_IDENTIFIER = "br.com.github-bertiGrazi.exercicio-01-FuncionariosTests";
				PRODUCT_NAME = "$(TARGET_NAME)";
				SWIFT_VERSION = 5.0;
				TARGETED_DEVICE_FAMILY = "1,2";
				TEST_HOST = "$(BUILT_PRODUCTS_DIR)/exercicio_01_Funcionarios.app/exercicio_01_Funcionarios";
			};
			name = Release;
		};
		F2D8247F25278C4500EF89D1 /* Debug */ = {
			isa = XCBuildConfiguration;
			buildSettings = {
				ALWAYS_EMBED_SWIFT_STANDARD_LIBRARIES = YES;
				CODE_SIGN_STYLE = Automatic;
				INFOPLIST_FILE = exercicio_01_FuncionariosUITests/Info.plist;
				LD_RUNPATH_SEARCH_PATHS = (
					"$(inherited)",
					"@executable_path/Frameworks",
					"@loader_path/Frameworks",
				);
				PRODUCT_BUNDLE_IDENTIFIER = "br.com.github-bertiGrazi.exercicio-01-FuncionariosUITests";
				PRODUCT_NAME = "$(TARGET_NAME)";
				SWIFT_VERSION = 5.0;
				TARGETED_DEVICE_FAMILY = "1,2";
				TEST_TARGET_NAME = exercicio_01_Funcionarios;
			};
			name = Debug;
		};
		F2D8248025278C4500EF89D1 /* Release */ = {
			isa = XCBuildConfiguration;
			buildSettings = {
				ALWAYS_EMBED_SWIFT_STANDARD_LIBRARIES = YES;
				CODE_SIGN_STYLE = Automatic;
				INFOPLIST_FILE = exercicio_01_FuncionariosUITests/Info.plist;
				LD_RUNPATH_SEARCH_PATHS = (
					"$(inherited)",
					"@executable_path/Frameworks",
					"@loader_path/Frameworks",
				);
				PRODUCT_BUNDLE_IDENTIFIER = "br.com.github-bertiGrazi.exercicio-01-FuncionariosUITests";
				PRODUCT_NAME = "$(TARGET_NAME)";
				SWIFT_VERSION = 5.0;
				TARGETED_DEVICE_FAMILY = "1,2";
				TEST_TARGET_NAME = exercicio_01_Funcionarios;
			};
			name = Release;
		};
/* End XCBuildConfiguration section */

/* Begin XCConfigurationList section */
		F2D8244925278C4100EF89D1 /* Build configuration list for PBXProject "exercicio_01_Funcionarios" */ = {
			isa = XCConfigurationList;
			buildConfigurations = (
				F2D8247625278C4500EF89D1 /* Debug */,
				F2D8247725278C4500EF89D1 /* Release */,
			);
			defaultConfigurationIsVisible = 0;
			defaultConfigurationName = Release;
		};
		F2D8247825278C4500EF89D1 /* Build configuration list for PBXNativeTarget "exercicio_01_Funcionarios" */ = {
			isa = XCConfigurationList;
			buildConfigurations = (
				F2D8247925278C4500EF89D1 /* Debug */,
				F2D8247A25278C4500EF89D1 /* Release */,
			);
			defaultConfigurationIsVisible = 0;
			defaultConfigurationName = Release;
		};
		F2D8247B25278C4500EF89D1 /* Build configuration list for PBXNativeTarget "exercicio_01_FuncionariosTests" */ = {
			isa = XCConfigurationList;
			buildConfigurations = (
				F2D8247C25278C4500EF89D1 /* Debug */,
				F2D8247D25278C4500EF89D1 /* Release */,
			);
			defaultConfigurationIsVisible = 0;
			defaultConfigurationName = Release;
		};
		F2D8247E25278C4500EF89D1 /* Build configuration list for PBXNativeTarget "exercicio_01_FuncionariosUITests" */ = {
			isa = XCConfigurationList;
			buildConfigurations = (
				F2D8247F25278C4500EF89D1 /* Debug */,
				F2D8248025278C4500EF89D1 /* Release */,
			);
			defaultConfigurationIsVisible = 0;
			defaultConfigurationName = Release;
		};
/* End XCConfigurationList section */
	};
	rootObject = F2D8244625278C4100EF89D1 /* Project object */;
}
